// !$*UTF8*$!
{
	archiveVersion = 1;
	classes = {
	};
	objectVersion = 46;
	objects = {

/* Begin PBXBuildFile section */
		9191D3611A6499D600363B4B /* AppDelegate.swift in Sources */ = {isa = PBXBuildFile; fileRef = 9191D3601A6499D600363B4B /* AppDelegate.swift */; };
		9191D3631A6499D600363B4B /* ViewController.swift in Sources */ = {isa = PBXBuildFile; fileRef = 9191D3621A6499D600363B4B /* ViewController.swift */; };
		9191D3661A6499D600363B4B /* Main.storyboard in Resources */ = {isa = PBXBuildFile; fileRef = 9191D3641A6499D600363B4B /* Main.storyboard */; };
		9191D3681A6499D600363B4B /* Images.xcassets in Resources */ = {isa = PBXBuildFile; fileRef = 9191D3671A6499D600363B4B /* Images.xcassets */; };
		9191D36B1A6499D600363B4B /* LaunchScreen.xib in Resources */ = {isa = PBXBuildFile; fileRef = 9191D3691A6499D600363B4B /* LaunchScreen.xib */; };
		9191D3771A6499D600363B4B /* IB_Coding_DemoTests.swift in Sources */ = {isa = PBXBuildFile; fileRef = 9191D3761A6499D600363B4B /* IB_Coding_DemoTests.swift */; };
/* End PBXBuildFile section */

/* Begin PBXContainerItemProxy section */
		9191D3711A6499D600363B4B /* PBXContainerItemProxy */ = {
			isa = PBXContainerItemProxy;
			containerPortal = 9191D3531A6499D600363B4B /* Project object */;
			proxyType = 1;
			remoteGlobalIDString = 9191D35A1A6499D600363B4B;
			remoteInfo = "IB Coding Demo";
		};
/* End PBXContainerItemProxy section */

/* Begin PBXFileReference section */
		9191D35B1A6499D600363B4B /* IB Coding Demo.app */ = {isa = PBXFileReference; explicitFileType = wrapper.application; includeInIndex = 0; path = "IB Coding Demo.app"; sourceTree = BUILT_PRODUCTS_DIR; };
		9191D35F1A6499D600363B4B /* Info.plist */ = {isa = PBXFileReference; lastKnownFileType = text.plist.xml; path = Info.plist; sourceTree = "<group>"; };
		9191D3601A6499D600363B4B /* AppDelegate.swift */ = {isa = PBXFileReference; lastKnownFileType = sourcecode.swift; path = AppDelegate.swift; sourceTree = "<group>"; };
		9191D3621A6499D600363B4B /* ViewController.swift */ = {isa = PBXFileReference; lastKnownFileType = sourcecode.swift; path = ViewController.swift; sourceTree = "<group>"; };
		9191D3651A6499D600363B4B /* Base */ = {isa = PBXFileReference; lastKnownFileType = file.storyboard; name = Base; path = Base.lproj/Main.storyboard; sourceTree = "<group>"; };
		9191D3671A6499D600363B4B /* Images.xcassets */ = {isa = PBXFileReference; lastKnownFileType = folder.assetcatalog; path = Images.xcassets; sourceTree = "<group>"; };
		9191D36A1A6499D600363B4B /* Base */ = {isa = PBXFileReference; lastKnownFileType = file.xib; name = Base; path = Base.lproj/LaunchScreen.xib; sourceTree = "<group>"; };
		9191D3701A6499D600363B4B /* IB Coding DemoTests.xctest */ = {isa = PBXFileReference; explicitFileType = wrapper.cfbundle; includeInIndex = 0; path = "IB Coding DemoTests.xctest"; sourceTree = BUILT_PRODUCTS_DIR; };
		9191D3751A6499D600363B4B /* Info.plist */ = {isa = PBXFileReference; lastKnownFileType = text.plist.xml; path = Info.plist; sourceTree = "<group>"; };
		9191D3761A6499D600363B4B /* IB_Coding_DemoTests.swift */ = {isa = PBXFileReference; lastKnownFileType = sourcecode.swift; path = IB_Coding_DemoTests.swift; sourceTree = "<group>"; };
/* End PBXFileReference section */

/* Begin PBXFrameworksBuildPhase section */
		9191D3581A6499D600363B4B /* Frameworks */ = {
			isa = PBXFrameworksBuildPhase;
			buildActionMask = 2147483647;
			files = (
			);
			runOnlyForDeploymentPostprocessing = 0;
		};
		9191D36D1A6499D600363B4B /* Frameworks */ = {
			isa = PBXFrameworksBuildPhase;
			buildActionMask = 2147483647;
			files = (
			);
			runOnlyForDeploymentPostprocessing = 0;
		};
/* End PBXFrameworksBuildPhase section */

/* Begin PBXGroup section */
		9191D3521A6499D600363B4B = {
			isa = PBXGroup;
			children = (
				9191D35D1A6499D600363B4B /* IB Coding Demo */,
				9191D3731A6499D600363B4B /* IB Coding DemoTests */,
				9191D35C1A6499D600363B4B /* Products */,
			);
			sourceTree = "<group>";
		};
		9191D35C1A6499D600363B4B /* Products */ = {
			isa = PBXGroup;
			children = (
				9191D35B1A6499D600363B4B /* IB Coding Demo.app */,
				9191D3701A6499D600363B4B /* IB Coding DemoTests.xctest */,
			);
			name = Products;
			sourceTree = "<group>";
		};
		9191D35D1A6499D600363B4B /* IB Coding Demo */ = {
			isa = PBXGroup;
			children = (
				9191D3601A6499D600363B4B /* AppDelegate.swift */,
				9191D3621A6499D600363B4B /* ViewController.swift */,
				9191D3641A6499D600363B4B /* Main.storyboard */,
				9191D3671A6499D600363B4B /* Images.xcassets */,
				9191D3691A6499D600363B4B /* LaunchScreen.xib */,
				9191D35E1A6499D600363B4B /* Supporting Files */,
			);
			path = "IB Coding Demo";
			sourceTree = "<group>";
		};
		9191D35E1A6499D600363B4B /* Supporting Files */ = {
			isa = PBXGroup;
			children = (
				9191D35F1A6499D600363B4B /* Info.plist */,
			);
			name = "Supporting Files";
			sourceTree = "<group>";
		};
		9191D3731A6499D600363B4B /* IB Coding DemoTests */ = {
			isa = PBXGroup;
			children = (
				9191D3761A6499D600363B4B /* IB_Coding_DemoTests.swift */,
				9191D3741A6499D600363B4B /* Supporting Files */,
			);
			path = "IB Coding DemoTests";
			sourceTree = "<group>";
		};
		9191D3741A6499D600363B4B /* Supporting Files */ = {
			isa = PBXGroup;
			children = (
				9191D3751A6499D600363B4B /* Info.plist */,
			);
			name = "Supporting Files";
			sourceTree = "<group>";
		};
/* End PBXGroup section */

/* Begin PBXNativeTarget section */
		9191D35A1A6499D600363B4B /* IB Coding Demo */ = {
			isa = PBXNativeTarget;
			buildConfigurationList = 9191D37A1A6499D600363B4B /* Build configuration list for PBXNativeTarget "IB Coding Demo" */;
			buildPhases = (
				9191D3571A6499D600363B4B /* Sources */,
				9191D3581A6499D600363B4B /* Frameworks */,
				9191D3591A6499D600363B4B /* Resources */,
			);
			buildRules = (
			);
			dependencies = (
			);
			name = "IB Coding Demo";
			productName = "IB Coding Demo";
			productReference = 9191D35B1A6499D600363B4B /* IB Coding Demo.app */;
			productType = "com.apple.product-type.application";
		};
		9191D36F1A6499D600363B4B /* IB Coding DemoTests */ = {
			isa = PBXNativeTarget;
			buildConfigurationList = 9191D37D1A6499D600363B4B /* Build configuration list for PBXNativeTarget "IB Coding DemoTests" */;
			buildPhases = (
				9191D36C1A6499D600363B4B /* Sources */,
				9191D36D1A6499D600363B4B /* Frameworks */,
				9191D36E1A6499D600363B4B /* Resources */,
			);
			buildRules = (
			);
			dependencies = (
				9191D3721A6499D600363B4B /* PBXTargetDependency */,
			);
			name = "IB Coding DemoTests";
			productName = "IB Coding DemoTests";
			productReference = 9191D3701A6499D600363B4B /* IB Coding DemoTests.xctest */;
			productType = "com.apple.product-type.bundle.unit-test";
		};
/* End PBXNativeTarget section */

/* Begin PBXProject section */
		9191D3531A6499D600363B4B /* Project object */ = {
			isa = PBXProject;
			attributes = {
				LastUpgradeCheck = 0610;
				ORGANIZATIONNAME = "Sonia Ourmaonva";
				TargetAttributes = {
					9191D35A1A6499D600363B4B = {
						CreatedOnToolsVersion = 6.1.1;
					};
					9191D36F1A6499D600363B4B = {
						CreatedOnToolsVersion = 6.1.1;
						TestTargetID = 9191D35A1A6499D600363B4B;
					};
				};
			};
			buildConfigurationList = 9191D3561A6499D600363B4B /* Build configuration list for PBXProject "IB Coding Demo" */;
			compatibilityVersion = "Xcode 3.2";
			developmentRegion = English;
			hasScannedForEncodings = 0;
			knownRegions = (
				en,
				Base,
			);
			mainGroup = 9191D3521A6499D600363B4B;
			productRefGroup = 9191D35C1A6499D600363B4B /* Products */;
			projectDirPath = "";
			projectRoot = "";
			targets = (
				9191D35A1A6499D600363B4B /* IB Coding Demo */,
				9191D36F1A6499D600363B4B /* IB Coding DemoTests */,
			);
		};
/* End PBXProject section */

/* Begin PBXResourcesBuildPhase section */
		9191D3591A6499D600363B4B /* Resources */ = {
			isa = PBXResourcesBuildPhase;
			buildActionMask = 2147483647;
			files = (
				9191D3661A6499D600363B4B /* Main.storyboard in Resources */,
				9191D36B1A6499D600363B4B /* LaunchScreen.xib in Resources */,
				9191D3681A6499D600363B4B /* Images.xcassets in Resources */,
			);
			runOnlyForDeploymentPostprocessing = 0;
		};
		9191D36E1A6499D600363B4B /* Resources */ = {
			isa = PBXResourcesBuildPhase;
			buildActionMask = 2147483647;
			files = (
			);
			runOnlyForDeploymentPostprocessing = 0;
		};
/* End PBXResourcesBuildPhase section */

/* Begin PBXSourcesBuildPhase section */
		9191D3571A6499D600363B4B /* Sources */ = {
			isa = PBXSourcesBuildPhase;
			buildActionMask = 2147483647;
			files = (
				9191D3631A6499D600363B4B /* ViewController.swift in Sources */,
				9191D3611A6499D600363B4B /* AppDelegate.swift in Sources */,
			);
			runOnlyForDeploymentPostprocessing = 0;
		};
		9191D36C1A6499D600363B4B /* Sources */ = {
			isa = PBXSourcesBuildPhase;
			buildActionMask = 2147483647;
			files = (
				9191D3771A6499D600363B4B /* IB_Coding_DemoTests.swift in Sources */,
			);
			runOnlyForDeploymentPostprocessing = 0;
		};
/* End PBXSourcesBuildPhase section */

/* Begin PBXTargetDependency section */
		9191D3721A6499D600363B4B /* PBXTargetDependency */ = {
			isa = PBXTargetDependency;
			target = 9191D35A1A6499D600363B4B /* IB Coding Demo */;
			targetProxy = 9191D3711A6499D600363B4B /* PBXContainerItemProxy */;
		};
/* End PBXTargetDependency section */

/* Begin PBXVariantGroup section */
		9191D3641A6499D600363B4B /* Main.storyboard */ = {
			isa = PBXVariantGroup;
			children = (
				9191D3651A6499D600363B4B /* Base */,
			);
			name = Main.storyboard;
			sourceTree = "<group>";
		};
		9191D3691A6499D600363B4B /* LaunchScreen.xib */ = {
			isa = PBXVariantGroup;
			children = (
				9191D36A1A6499D600363B4B /* Base */,
			);
			name = LaunchScreen.xib;
			sourceTree = "<group>";
		};
/* End PBXVariantGroup section */

/* Begin XCBuildConfiguration section */
		9191D3781A6499D600363B4B /* Debug */ = {
			isa = XCBuildConfiguration;
			buildSettings = {
				ALWAYS_SEARCH_USER_PATHS = NO;
				CLANG_CXX_LANGUAGE_STANDARD = "gnu++0x";
				CLANG_CXX_LIBRARY = "libc++";
				CLANG_ENABLE_MODULES = YES;
				CLANG_ENABLE_OBJC_ARC = YES;
				CLANG_WARN_BOOL_CONVERSION = YES;
				CLANG_WARN_CONSTANT_CONVERSION = YES;
				CLANG_WARN_DIRECT_OBJC_ISA_USAGE = YES_ERROR;
				CLANG_WARN_EMPTY_BODY = YES;
				CLANG_WARN_ENUM_CONVERSION = YES;
				CLANG_WARN_INT_CONVERSION = YES;
				CLANG_WARN_OBJC_ROOT_CLASS = YES_ERROR;
				CLANG_WARN_UNREACHABLE_CODE = YES;
				CLANG_WARN__DUPLICATE_METHOD_MATCH = YES;
				"CODE_SIGN_IDENTITY[sdk=iphoneos*]" = "iPhone Developer";
				COPY_PHASE_STRIP = NO;
				ENABLE_STRICT_OBJC_MSGSEND = YES;
				GCC_C_LANGUAGE_STANDARD = gnu99;
				GCC_DYNAMIC_NO_PIC = NO;
				GCC_OPTIMIZATION_LEVEL = 0;
				GCC_PREPROCESSOR_DEFINITIONS = (
					"DEBUG=1",
					"$(inherited)",
				);
				GCC_SYMBOLS_PRIVATE_EXTERN = NO;
				GCC_WARN_64_TO_32_BIT_CONVERSION = YES;
				GCC_WARN_ABOUT_RETURN_TYPE = YES_ERROR;
				GCC_WARN_UNDECLARED_SELECTOR = YES;
				GCC_WARN_UNINITIALIZED_AUTOS = YES_AGGRESSIVE;
				GCC_WARN_UNUSED_FUNCTION = YES;
				GCC_WARN_UNUSED_VARIABLE = YES;
				IPHONEOS_DEPLOYMENT_TARGET = 8.1;
				MTL_ENABLE_DEBUG_INFO = YES;
				ONLY_ACTIVE_ARCH = YES;
				SDKROOT = iphoneos;
				SWIFT_OPTIMIZATION_LEVEL = "-Onone";
			};
			name = Debug;
		};
		9191D3791A6499D600363B4B /* Release */ = {
			isa = XCBuildConfiguration;
			buildSettings = {
				ALWAYS_SEARCH_USER_PATHS = NO;
				CLANG_CXX_LANGUAGE_STANDARD = "gnu++0x";
				CLANG_CXX_LIBRARY = "libc++";
				CLANG_ENABLE_MODULES = YES;
				CLANG_ENABLE_OBJC_ARC = YES;
				CLANG_WARN_BOOL_CONVERSION = YES;
				CLANG_WARN_CONSTANT_CONVERSION = YES;
				CLANG_WARN_DIRECT_OBJC_ISA_USAGE = YES_ERROR;
				CLANG_WARN_EMPTY_BODY = YES;
				CLANG_WARN_ENUM_CONVERSION = YES;
				CLANG_WARN_INT_CONVERSION = YES;
				CLANG_WARN_OBJC_ROOT_CLASS = YES_ERROR;
				CLANG_WARN_UNREACHABLE_CODE = YES;
				CLANG_WARN__DUPLICATE_METHOD_MATCH = YES;
				"CODE_SIGN_IDENTITY[sdk=iphoneos*]" = "iPhone Developer";
				COPY_PHASE_STRIP = YES;
				ENABLE_NS_ASSERTIONS = NO;
				ENABLE_STRICT_OBJC_MSGSEND = YES;
				GCC_C_LANGUAGE_STANDARD = gnu99;
				GCC_WARN_64_TO_32_BIT_CONVERSION = YES;
				GCC_WARN_ABOUT_RETURN_TYPE = YES_ERROR;
				GCC_WARN_UNDECLARED_SELECTOR = YES;
				GCC_WARN_UNINITIALIZED_AUTOS = YES_AGGRESSIVE;
				GCC_WARN_UNUSED_FUNCTION = YES;
				GCC_WARN_UNUSED_VARIABLE = YES;
				IPHONEOS_DEPLOYMENT_TARGET = 8.1;
				MTL_ENABLE_DEBUG_INFO = NO;
				SDKROOT = iphoneos;
				VALIDATE_PRODUCT = YES;
			};
			name = Release;
		};
		9191D37B1A6499D600363B4B /* Debug */ = {
			isa = XCBuildConfiguration;
			buildSettings = {
				ASSETCATALOG_COMPILER_APPICON_NAME = AppIcon;
				INFOPLIST_FILE = "IB Coding Demo/Info.plist";
				LD_RUNPATH_SEARCH_PATHS = "$(inherited) @executable_path/Frameworks";
				PRODUCT_NAME = "$(TARGET_NAME)";
			};
			name = Debug;
		};
		9191D37C1A6499D600363B4B /* Release */ = {
			isa = XCBuildConfiguration;
			buildSettings = {
				ASSETCATALOG_COMPILER_APPICON_NAME = AppIcon;
				INFOPLIST_FILE = "IB Coding Demo/Info.plist";
				LD_RUNPATH_SEARCH_PATHS = "$(inherited) @executable_path/Frameworks";
				PRODUCT_NAME = "$(TARGET_NAME)";
			};
			name = Release;
		};
		9191D37E1A6499D600363B4B /* Debug */ = {
			isa = XCBuildConfiguration;
			buildSettings = {
				BUNDLE_LOADER = "$(TEST_HOST)";
				FRAMEWORK_SEARCH_PATHS = (
					"$(SDKROOT)/Developer/Library/Frameworks",
					"$(inherited)",
				);
				GCC_PREPROCESSOR_DEFINITIONS = (
					"DEBUG=1",
					"$(inherited)",
				);
				INFOPLIST_FILE = "IB Coding DemoTests/Info.plist";
				LD_RUNPATH_SEARCH_PATHS = "$(inherited) @executable_path/Frameworks @loader_path/Frameworks";
				PRODUCT_NAME = "$(TARGET_NAME)";
				TEST_HOST = "$(BUILT_PRODUCTS_DIR)/IB Coding Demo.app/IB Coding Demo";
			};
			name = Debug;
		};
		9191D37F1A6499D600363B4B /* Release */ = {
			isa = XCBuildConfiguration;
			buildSettings = {
				BUNDLE_LOADER = "$(TEST_HOST)";
				FRAMEWORK_SEARCH_PATHS = (
					"$(SDKROOT)/Developer/Library/Frameworks",
					"$(inherited)",
				);
				INFOPLIST_FILE = "IB Coding DemoTests/Info.plist";
				LD_RUNPATH_SEARCH_PATHS = "$(inherited) @executable_path/Frameworks @loader_path/Frameworks";
				PRODUCT_NAME = "$(TARGET_NAME)";
				TEST_HOST = "$(BUILT_PRODUCTS_DIR)/IB Coding Demo.app/IB Coding Demo";
			};
			name = Release;
		};
/* End XCBuildConfiguration section */

/* Begin XCConfigurationList section */
		9191D3561A6499D600363B4B /* Build configuration list for PBXProject "IB Coding Demo" */ = {
			isa = XCConfigurationList;
			buildConfigurations = (
				9191D3781A6499D600363B4B /* Debug */,
				9191D3791A6499D600363B4B /* Release */,
			);
			defaultConfigurationIsVisible = 0;
			defaultConfigurationName = Release;
		};
		9191D37A1A6499D600363B4B /* Build configuration list for PBXNativeTarget "IB Coding Demo" */ = {
			isa = XCConfigurationList;
			buildConfigurations = (
				9191D37B1A6499D600363B4B /* Debug */,
				9191D37C1A6499D600363B4B /* Release */,
			);
			defaultConfigurationIsVisible = 0;
		};
		9191D37D1A6499D600363B4B /* Build configuration list for PBXNativeTarget "IB Coding DemoTests" */ = {
			isa = XCConfigurationList;
			buildConfigurations = (
				9191D37E1A6499D600363B4B /* Debug */,
				9191D37F1A6499D600363B4B /* Release */,
			);
			defaultConfigurationIsVisible = 0;
		};
/* End XCConfigurationList section */
	};
	rootObject = 9191D3531A6499D600363B4B /* Project object */;
}
