// !$*UTF8*$!
{
	archiveVersion = 1;
	classes = {
	};
	objectVersion = 46;
	objects = {

/* Begin PBXBuildFile section */
		91D19C051A42708B00C0734E /* AppDelegate.swift in Sources */ = {isa = PBXBuildFile; fileRef = 91D19C041A42708B00C0734E /* AppDelegate.swift */; };
		91D19C071A42708B00C0734E /* ViewController.swift in Sources */ = {isa = PBXBuildFile; fileRef = 91D19C061A42708B00C0734E /* ViewController.swift */; };
		91D19C0A1A42708B00C0734E /* Main.storyboard in Resources */ = {isa = PBXBuildFile; fileRef = 91D19C081A42708B00C0734E /* Main.storyboard */; };
		91D19C0C1A42708B00C0734E /* Images.xcassets in Resources */ = {isa = PBXBuildFile; fileRef = 91D19C0B1A42708B00C0734E /* Images.xcassets */; };
		91D19C0F1A42708B00C0734E /* LaunchScreen.xib in Resources */ = {isa = PBXBuildFile; fileRef = 91D19C0D1A42708B00C0734E /* LaunchScreen.xib */; };
		91D19C1B1A42708B00C0734E /* Second_ProjectTests.swift in Sources */ = {isa = PBXBuildFile; fileRef = 91D19C1A1A42708B00C0734E /* Second_ProjectTests.swift */; };
		91D19C261A4272D500C0734E /* www.zaxonusa.com-small-icon-cost.png in Resources */ = {isa = PBXBuildFile; fileRef = 91D19C251A4272D500C0734E /* www.zaxonusa.com-small-icon-cost.png */; };
/* End PBXBuildFile section */

/* Begin PBXContainerItemProxy section */
		91D19C151A42708B00C0734E /* PBXContainerItemProxy */ = {
			isa = PBXContainerItemProxy;
			containerPortal = 91D19BF71A42708B00C0734E /* Project object */;
			proxyType = 1;
			remoteGlobalIDString = 91D19BFE1A42708B00C0734E;
			remoteInfo = "Second Project";
		};
/* End PBXContainerItemProxy section */

/* Begin PBXFileReference section */
		91D19BFF1A42708B00C0734E /* Second Project.app */ = {isa = PBXFileReference; explicitFileType = wrapper.application; includeInIndex = 0; path = "Second Project.app"; sourceTree = BUILT_PRODUCTS_DIR; };
		91D19C031A42708B00C0734E /* Info.plist */ = {isa = PBXFileReference; lastKnownFileType = text.plist.xml; path = Info.plist; sourceTree = "<group>"; };
		91D19C041A42708B00C0734E /* AppDelegate.swift */ = {isa = PBXFileReference; lastKnownFileType = sourcecode.swift; path = AppDelegate.swift; sourceTree = "<group>"; };
		91D19C061A42708B00C0734E /* ViewController.swift */ = {isa = PBXFileReference; lastKnownFileType = sourcecode.swift; path = ViewController.swift; sourceTree = "<group>"; };
		91D19C091A42708B00C0734E /* Base */ = {isa = PBXFileReference; lastKnownFileType = file.storyboard; name = Base; path = Base.lproj/Main.storyboard; sourceTree = "<group>"; };
		91D19C0B1A42708B00C0734E /* Images.xcassets */ = {isa = PBXFileReference; lastKnownFileType = folder.assetcatalog; path = Images.xcassets; sourceTree = "<group>"; };
		91D19C0E1A42708B00C0734E /* Base */ = {isa = PBXFileReference; lastKnownFileType = file.xib; name = Base; path = Base.lproj/LaunchScreen.xib; sourceTree = "<group>"; };
		91D19C141A42708B00C0734E /* Second ProjectTests.xctest */ = {isa = PBXFileReference; explicitFileType = wrapper.cfbundle; includeInIndex = 0; path = "Second ProjectTests.xctest"; sourceTree = BUILT_PRODUCTS_DIR; };
		91D19C191A42708B00C0734E /* Info.plist */ = {isa = PBXFileReference; lastKnownFileType = text.plist.xml; path = Info.plist; sourceTree = "<group>"; };
		91D19C1A1A42708B00C0734E /* Second_ProjectTests.swift */ = {isa = PBXFileReference; lastKnownFileType = sourcecode.swift; path = Second_ProjectTests.swift; sourceTree = "<group>"; };
		91D19C251A4272D500C0734E /* www.zaxonusa.com-small-icon-cost.png */ = {isa = PBXFileReference; lastKnownFileType = image.png; path = "www.zaxonusa.com-small-icon-cost.png"; sourceTree = "<group>"; };
/* End PBXFileReference section */

/* Begin PBXFrameworksBuildPhase section */
		91D19BFC1A42708B00C0734E /* Frameworks */ = {
			isa = PBXFrameworksBuildPhase;
			buildActionMask = 2147483647;
			files = (
			);
			runOnlyForDeploymentPostprocessing = 0;
		};
		91D19C111A42708B00C0734E /* Frameworks */ = {
			isa = PBXFrameworksBuildPhase;
			buildActionMask = 2147483647;
			files = (
			);
			runOnlyForDeploymentPostprocessing = 0;
		};
/* End PBXFrameworksBuildPhase section */

/* Begin PBXGroup section */
		91D19BF61A42708B00C0734E = {
			isa = PBXGroup;
			children = (
				91D19C011A42708B00C0734E /* Second Project */,
				91D19C171A42708B00C0734E /* Second ProjectTests */,
				91D19C001A42708B00C0734E /* Products */,
			);
			sourceTree = "<group>";
		};
		91D19C001A42708B00C0734E /* Products */ = {
			isa = PBXGroup;
			children = (
				91D19BFF1A42708B00C0734E /* Second Project.app */,
				91D19C141A42708B00C0734E /* Second ProjectTests.xctest */,
			);
			name = Products;
			sourceTree = "<group>";
		};
		91D19C011A42708B00C0734E /* Second Project */ = {
			isa = PBXGroup;
			children = (
				91D19C241A4272CA00C0734E /* images */,
				91D19C041A42708B00C0734E /* AppDelegate.swift */,
				91D19C061A42708B00C0734E /* ViewController.swift */,
				91D19C081A42708B00C0734E /* Main.storyboard */,
				91D19C0B1A42708B00C0734E /* Images.xcassets */,
				91D19C0D1A42708B00C0734E /* LaunchScreen.xib */,
				91D19C021A42708B00C0734E /* Supporting Files */,
			);
			path = "Second Project";
			sourceTree = "<group>";
		};
		91D19C021A42708B00C0734E /* Supporting Files */ = {
			isa = PBXGroup;
			children = (
				91D19C031A42708B00C0734E /* Info.plist */,
			);
			name = "Supporting Files";
			sourceTree = "<group>";
		};
		91D19C171A42708B00C0734E /* Second ProjectTests */ = {
			isa = PBXGroup;
			children = (
				91D19C1A1A42708B00C0734E /* Second_ProjectTests.swift */,
				91D19C181A42708B00C0734E /* Supporting Files */,
			);
			path = "Second ProjectTests";
			sourceTree = "<group>";
		};
		91D19C181A42708B00C0734E /* Supporting Files */ = {
			isa = PBXGroup;
			children = (
				91D19C191A42708B00C0734E /* Info.plist */,
			);
			name = "Supporting Files";
			sourceTree = "<group>";
		};
		91D19C241A4272CA00C0734E /* images */ = {
			isa = PBXGroup;
			children = (
				91D19C251A4272D500C0734E /* www.zaxonusa.com-small-icon-cost.png */,
			);
			name = images;
			sourceTree = "<group>";
		};
/* End PBXGroup section */

/* Begin PBXNativeTarget section */
		91D19BFE1A42708B00C0734E /* Second Project */ = {
			isa = PBXNativeTarget;
			buildConfigurationList = 91D19C1E1A42708B00C0734E /* Build configuration list for PBXNativeTarget "Second Project" */;
			buildPhases = (
				91D19BFB1A42708B00C0734E /* Sources */,
				91D19BFC1A42708B00C0734E /* Frameworks */,
				91D19BFD1A42708B00C0734E /* Resources */,
			);
			buildRules = (
			);
			dependencies = (
			);
			name = "Second Project";
			productName = "Second Project";
			productReference = 91D19BFF1A42708B00C0734E /* Second Project.app */;
			productType = "com.apple.product-type.application";
		};
		91D19C131A42708B00C0734E /* Second ProjectTests */ = {
			isa = PBXNativeTarget;
			buildConfigurationList = 91D19C211A42708B00C0734E /* Build configuration list for PBXNativeTarget "Second ProjectTests" */;
			buildPhases = (
				91D19C101A42708B00C0734E /* Sources */,
				91D19C111A42708B00C0734E /* Frameworks */,
				91D19C121A42708B00C0734E /* Resources */,
			);
			buildRules = (
			);
			dependencies = (
				91D19C161A42708B00C0734E /* PBXTargetDependency */,
			);
			name = "Second ProjectTests";
			productName = "Second ProjectTests";
			productReference = 91D19C141A42708B00C0734E /* Second ProjectTests.xctest */;
			productType = "com.apple.product-type.bundle.unit-test";
		};
/* End PBXNativeTarget section */

/* Begin PBXProject section */
		91D19BF71A42708B00C0734E /* Project object */ = {
			isa = PBXProject;
			attributes = {
				LastUpgradeCheck = 0610;
				ORGANIZATIONNAME = "Sonia Ourmaonva";
				TargetAttributes = {
					91D19BFE1A42708B00C0734E = {
						CreatedOnToolsVersion = 6.1.1;
					};
					91D19C131A42708B00C0734E = {
						CreatedOnToolsVersion = 6.1.1;
						TestTargetID = 91D19BFE1A42708B00C0734E;
					};
				};
			};
			buildConfigurationList = 91D19BFA1A42708B00C0734E /* Build configuration list for PBXProject "Second Project" */;
			compatibilityVersion = "Xcode 3.2";
			developmentRegion = English;
			hasScannedForEncodings = 0;
			knownRegions = (
				en,
				Base,
			);
			mainGroup = 91D19BF61A42708B00C0734E;
			productRefGroup = 91D19C001A42708B00C0734E /* Products */;
			projectDirPath = "";
			projectRoot = "";
			targets = (
				91D19BFE1A42708B00C0734E /* Second Project */,
				91D19C131A42708B00C0734E /* Second ProjectTests */,
			);
		};
/* End PBXProject section */

/* Begin PBXResourcesBuildPhase section */
		91D19BFD1A42708B00C0734E /* Resources */ = {
			isa = PBXResourcesBuildPhase;
			buildActionMask = 2147483647;
			files = (
				91D19C0A1A42708B00C0734E /* Main.storyboard in Resources */,
				91D19C0F1A42708B00C0734E /* LaunchScreen.xib in Resources */,
				91D19C261A4272D500C0734E /* www.zaxonusa.com-small-icon-cost.png in Resources */,
				91D19C0C1A42708B00C0734E /* Images.xcassets in Resources */,
			);
			runOnlyForDeploymentPostprocessing = 0;
		};
		91D19C121A42708B00C0734E /* Resources */ = {
			isa = PBXResourcesBuildPhase;
			buildActionMask = 2147483647;
			files = (
			);
			runOnlyForDeploymentPostprocessing = 0;
		};
/* End PBXResourcesBuildPhase section */

/* Begin PBXSourcesBuildPhase section */
		91D19BFB1A42708B00C0734E /* Sources */ = {
			isa = PBXSourcesBuildPhase;
			buildActionMask = 2147483647;
			files = (
				91D19C071A42708B00C0734E /* ViewController.swift in Sources */,
				91D19C051A42708B00C0734E /* AppDelegate.swift in Sources */,
			);
			runOnlyForDeploymentPostprocessing = 0;
		};
		91D19C101A42708B00C0734E /* Sources */ = {
			isa = PBXSourcesBuildPhase;
			buildActionMask = 2147483647;
			files = (
				91D19C1B1A42708B00C0734E /* Second_ProjectTests.swift in Sources */,
			);
			runOnlyForDeploymentPostprocessing = 0;
		};
/* End PBXSourcesBuildPhase section */

/* Begin PBXTargetDependency section */
		91D19C161A42708B00C0734E /* PBXTargetDependency */ = {
			isa = PBXTargetDependency;
			target = 91D19BFE1A42708B00C0734E /* Second Project */;
			targetProxy = 91D19C151A42708B00C0734E /* PBXContainerItemProxy */;
		};
/* End PBXTargetDependency section */

/* Begin PBXVariantGroup section */
		91D19C081A42708B00C0734E /* Main.storyboard */ = {
			isa = PBXVariantGroup;
			children = (
				91D19C091A42708B00C0734E /* Base */,
			);
			name = Main.storyboard;
			sourceTree = "<group>";
		};
		91D19C0D1A42708B00C0734E /* LaunchScreen.xib */ = {
			isa = PBXVariantGroup;
			children = (
				91D19C0E1A42708B00C0734E /* Base */,
			);
			name = LaunchScreen.xib;
			sourceTree = "<group>";
		};
/* End PBXVariantGroup section */

/* Begin XCBuildConfiguration section */
		91D19C1C1A42708B00C0734E /* Debug */ = {
			isa = XCBuildConfiguration;
			buildSettings = {
				ALWAYS_SEARCH_USER_PATHS = NO;
				CLANG_CXX_LANGUAGE_STANDARD = "gnu++0x";
				CLANG_CXX_LIBRARY = "libc++";
				CLANG_ENABLE_MODULES = YES;
				CLANG_ENABLE_OBJC_ARC = YES;
				CLANG_WARN_BOOL_CONVERSION = YES;
				CLANG_WARN_CONSTANT_CONVERSION = YES;
				CLANG_WARN_DIRECT_OBJC_ISA_USAGE = YES_ERROR;
				CLANG_WARN_EMPTY_BODY = YES;
				CLANG_WARN_ENUM_CONVERSION = YES;
				CLANG_WARN_INT_CONVERSION = YES;
				CLANG_WARN_OBJC_ROOT_CLASS = YES_ERROR;
				CLANG_WARN_UNREACHABLE_CODE = YES;
				CLANG_WARN__DUPLICATE_METHOD_MATCH = YES;
				"CODE_SIGN_IDENTITY[sdk=iphoneos*]" = "iPhone Developer";
				COPY_PHASE_STRIP = NO;
				ENABLE_STRICT_OBJC_MSGSEND = YES;
				GCC_C_LANGUAGE_STANDARD = gnu99;
				GCC_DYNAMIC_NO_PIC = NO;
				GCC_OPTIMIZATION_LEVEL = 0;
				GCC_PREPROCESSOR_DEFINITIONS = (
					"DEBUG=1",
					"$(inherited)",
				);
				GCC_SYMBOLS_PRIVATE_EXTERN = NO;
				GCC_WARN_64_TO_32_BIT_CONVERSION = YES;
				GCC_WARN_ABOUT_RETURN_TYPE = YES_ERROR;
				GCC_WARN_UNDECLARED_SELECTOR = YES;
				GCC_WARN_UNINITIALIZED_AUTOS = YES_AGGRESSIVE;
				GCC_WARN_UNUSED_FUNCTION = YES;
				GCC_WARN_UNUSED_VARIABLE = YES;
				IPHONEOS_DEPLOYMENT_TARGET = 8.1;
				MTL_ENABLE_DEBUG_INFO = YES;
				ONLY_ACTIVE_ARCH = YES;
				SDKROOT = iphoneos;
				SWIFT_OPTIMIZATION_LEVEL = "-Onone";
				TARGETED_DEVICE_FAMILY = "1,2";
			};
			name = Debug;
		};
		91D19C1D1A42708B00C0734E /* Release */ = {
			isa = XCBuildConfiguration;
			buildSettings = {
				ALWAYS_SEARCH_USER_PATHS = NO;
				CLANG_CXX_LANGUAGE_STANDARD = "gnu++0x";
				CLANG_CXX_LIBRARY = "libc++";
				CLANG_ENABLE_MODULES = YES;
				CLANG_ENABLE_OBJC_ARC = YES;
				CLANG_WARN_BOOL_CONVERSION = YES;
				CLANG_WARN_CONSTANT_CONVERSION = YES;
				CLANG_WARN_DIRECT_OBJC_ISA_USAGE = YES_ERROR;
				CLANG_WARN_EMPTY_BODY = YES;
				CLANG_WARN_ENUM_CONVERSION = YES;
				CLANG_WARN_INT_CONVERSION = YES;
				CLANG_WARN_OBJC_ROOT_CLASS = YES_ERROR;
				CLANG_WARN_UNREACHABLE_CODE = YES;
				CLANG_WARN__DUPLICATE_METHOD_MATCH = YES;
				"CODE_SIGN_IDENTITY[sdk=iphoneos*]" = "iPhone Developer";
				COPY_PHASE_STRIP = YES;
				ENABLE_NS_ASSERTIONS = NO;
				ENABLE_STRICT_OBJC_MSGSEND = YES;
				GCC_C_LANGUAGE_STANDARD = gnu99;
				GCC_WARN_64_TO_32_BIT_CONVERSION = YES;
				GCC_WARN_ABOUT_RETURN_TYPE = YES_ERROR;
				GCC_WARN_UNDECLARED_SELECTOR = YES;
				GCC_WARN_UNINITIALIZED_AUTOS = YES_AGGRESSIVE;
				GCC_WARN_UNUSED_FUNCTION = YES;
				GCC_WARN_UNUSED_VARIABLE = YES;
				IPHONEOS_DEPLOYMENT_TARGET = 8.1;
				MTL_ENABLE_DEBUG_INFO = NO;
				SDKROOT = iphoneos;
				TARGETED_DEVICE_FAMILY = "1,2";
				VALIDATE_PRODUCT = YES;
			};
			name = Release;
		};
		91D19C1F1A42708B00C0734E /* Debug */ = {
			isa = XCBuildConfiguration;
			buildSettings = {
				ASSETCATALOG_COMPILER_APPICON_NAME = AppIcon;
				INFOPLIST_FILE = "Second Project/Info.plist";
				LD_RUNPATH_SEARCH_PATHS = "$(inherited) @executable_path/Frameworks";
				PRODUCT_NAME = "$(TARGET_NAME)";
			};
			name = Debug;
		};
		91D19C201A42708B00C0734E /* Release */ = {
			isa = XCBuildConfiguration;
			buildSettings = {
				ASSETCATALOG_COMPILER_APPICON_NAME = AppIcon;
				INFOPLIST_FILE = "Second Project/Info.plist";
				LD_RUNPATH_SEARCH_PATHS = "$(inherited) @executable_path/Frameworks";
				PRODUCT_NAME = "$(TARGET_NAME)";
			};
			name = Release;
		};
		91D19C221A42708B00C0734E /* Debug */ = {
			isa = XCBuildConfiguration;
			buildSettings = {
				BUNDLE_LOADER = "$(TEST_HOST)";
				FRAMEWORK_SEARCH_PATHS = (
					"$(SDKROOT)/Developer/Library/Frameworks",
					"$(inherited)",
				);
				GCC_PREPROCESSOR_DEFINITIONS = (
					"DEBUG=1",
					"$(inherited)",
				);
				INFOPLIST_FILE = "Second ProjectTests/Info.plist";
				LD_RUNPATH_SEARCH_PATHS = "$(inherited) @executable_path/Frameworks @loader_path/Frameworks";
				PRODUCT_NAME = "$(TARGET_NAME)";
				TEST_HOST = "$(BUILT_PRODUCTS_DIR)/Second Project.app/Second Project";
			};
			name = Debug;
		};
		91D19C231A42708B00C0734E /* Release */ = {
			isa = XCBuildConfiguration;
			buildSettings = {
				BUNDLE_LOADER = "$(TEST_HOST)";
				FRAMEWORK_SEARCH_PATHS = (
					"$(SDKROOT)/Developer/Library/Frameworks",
					"$(inherited)",
				);
				INFOPLIST_FILE = "Second ProjectTests/Info.plist";
				LD_RUNPATH_SEARCH_PATHS = "$(inherited) @executable_path/Frameworks @loader_path/Frameworks";
				PRODUCT_NAME = "$(TARGET_NAME)";
				TEST_HOST = "$(BUILT_PRODUCTS_DIR)/Second Project.app/Second Project";
			};
			name = Release;
		};
/* End XCBuildConfiguration section */

/* Begin XCConfigurationList section */
		91D19BFA1A42708B00C0734E /* Build configuration list for PBXProject "Second Project" */ = {
			isa = XCConfigurationList;
			buildConfigurations = (
				91D19C1C1A42708B00C0734E /* Debug */,
				91D19C1D1A42708B00C0734E /* Release */,
			);
			defaultConfigurationIsVisible = 0;
			defaultConfigurationName = Release;
		};
		91D19C1E1A42708B00C0734E /* Build configuration list for PBXNativeTarget "Second Project" */ = {
			isa = XCConfigurationList;
			buildConfigurations = (
				91D19C1F1A42708B00C0734E /* Debug */,
				91D19C201A42708B00C0734E /* Release */,
			);
			defaultConfigurationIsVisible = 0;
		};
		91D19C211A42708B00C0734E /* Build configuration list for PBXNativeTarget "Second ProjectTests" */ = {
			isa = XCConfigurationList;
			buildConfigurations = (
				91D19C221A42708B00C0734E /* Debug */,
				91D19C231A42708B00C0734E /* Release */,
			);
			defaultConfigurationIsVisible = 0;
		};
/* End XCConfigurationList section */
	};
	rootObject = 91D19BF71A42708B00C0734E /* Project object */;
}
