// !$*UTF8*$!
{
	archiveVersion = 1;
	classes = {
	};
	objectVersion = 46;
	objects = {

/* Begin PBXBuildFile section */
		9133FCCD1A804D630091AB6F /* AppDelegate.swift in Sources */ = {isa = PBXBuildFile; fileRef = 9133FCCC1A804D630091AB6F /* AppDelegate.swift */; };
		9133FCCF1A804D630091AB6F /* ViewController.swift in Sources */ = {isa = PBXBuildFile; fileRef = 9133FCCE1A804D630091AB6F /* ViewController.swift */; };
		9133FCD21A804D630091AB6F /* Main.storyboard in Resources */ = {isa = PBXBuildFile; fileRef = 9133FCD01A804D630091AB6F /* Main.storyboard */; };
		9133FCD41A804D630091AB6F /* Images.xcassets in Resources */ = {isa = PBXBuildFile; fileRef = 9133FCD31A804D630091AB6F /* Images.xcassets */; };
		9133FCD71A804D630091AB6F /* LaunchScreen.xib in Resources */ = {isa = PBXBuildFile; fileRef = 9133FCD51A804D630091AB6F /* LaunchScreen.xib */; };
		9133FCE31A804D630091AB6F /* ios_delegatesTests.swift in Sources */ = {isa = PBXBuildFile; fileRef = 9133FCE21A804D630091AB6F /* ios_delegatesTests.swift */; };
/* End PBXBuildFile section */

/* Begin PBXContainerItemProxy section */
		9133FCDD1A804D630091AB6F /* PBXContainerItemProxy */ = {
			isa = PBXContainerItemProxy;
			containerPortal = 9133FCBF1A804D630091AB6F /* Project object */;
			proxyType = 1;
			remoteGlobalIDString = 9133FCC61A804D630091AB6F;
			remoteInfo = "ios delegates";
		};
/* End PBXContainerItemProxy section */

/* Begin PBXFileReference section */
		9133FCC71A804D630091AB6F /* ios delegates.app */ = {isa = PBXFileReference; explicitFileType = wrapper.application; includeInIndex = 0; path = "ios delegates.app"; sourceTree = BUILT_PRODUCTS_DIR; };
		9133FCCB1A804D630091AB6F /* Info.plist */ = {isa = PBXFileReference; lastKnownFileType = text.plist.xml; path = Info.plist; sourceTree = "<group>"; };
		9133FCCC1A804D630091AB6F /* AppDelegate.swift */ = {isa = PBXFileReference; lastKnownFileType = sourcecode.swift; path = AppDelegate.swift; sourceTree = "<group>"; };
		9133FCCE1A804D630091AB6F /* ViewController.swift */ = {isa = PBXFileReference; lastKnownFileType = sourcecode.swift; path = ViewController.swift; sourceTree = "<group>"; };
		9133FCD11A804D630091AB6F /* Base */ = {isa = PBXFileReference; lastKnownFileType = file.storyboard; name = Base; path = Base.lproj/Main.storyboard; sourceTree = "<group>"; };
		9133FCD31A804D630091AB6F /* Images.xcassets */ = {isa = PBXFileReference; lastKnownFileType = folder.assetcatalog; path = Images.xcassets; sourceTree = "<group>"; };
		9133FCD61A804D630091AB6F /* Base */ = {isa = PBXFileReference; lastKnownFileType = file.xib; name = Base; path = Base.lproj/LaunchScreen.xib; sourceTree = "<group>"; };
		9133FCDC1A804D630091AB6F /* ios delegatesTests.xctest */ = {isa = PBXFileReference; explicitFileType = wrapper.cfbundle; includeInIndex = 0; path = "ios delegatesTests.xctest"; sourceTree = BUILT_PRODUCTS_DIR; };
		9133FCE11A804D630091AB6F /* Info.plist */ = {isa = PBXFileReference; lastKnownFileType = text.plist.xml; path = Info.plist; sourceTree = "<group>"; };
		9133FCE21A804D630091AB6F /* ios_delegatesTests.swift */ = {isa = PBXFileReference; lastKnownFileType = sourcecode.swift; path = ios_delegatesTests.swift; sourceTree = "<group>"; };
/* End PBXFileReference section */

/* Begin PBXFrameworksBuildPhase section */
		9133FCC41A804D630091AB6F /* Frameworks */ = {
			isa = PBXFrameworksBuildPhase;
			buildActionMask = 2147483647;
			files = (
			);
			runOnlyForDeploymentPostprocessing = 0;
		};
		9133FCD91A804D630091AB6F /* Frameworks */ = {
			isa = PBXFrameworksBuildPhase;
			buildActionMask = 2147483647;
			files = (
			);
			runOnlyForDeploymentPostprocessing = 0;
		};
/* End PBXFrameworksBuildPhase section */

/* Begin PBXGroup section */
		9133FCBE1A804D630091AB6F = {
			isa = PBXGroup;
			children = (
				9133FCC91A804D630091AB6F /* ios delegates */,
				9133FCDF1A804D630091AB6F /* ios delegatesTests */,
				9133FCC81A804D630091AB6F /* Products */,
			);
			sourceTree = "<group>";
		};
		9133FCC81A804D630091AB6F /* Products */ = {
			isa = PBXGroup;
			children = (
				9133FCC71A804D630091AB6F /* ios delegates.app */,
				9133FCDC1A804D630091AB6F /* ios delegatesTests.xctest */,
			);
			name = Products;
			sourceTree = "<group>";
		};
		9133FCC91A804D630091AB6F /* ios delegates */ = {
			isa = PBXGroup;
			children = (
				9133FCCC1A804D630091AB6F /* AppDelegate.swift */,
				9133FCCE1A804D630091AB6F /* ViewController.swift */,
				9133FCD01A804D630091AB6F /* Main.storyboard */,
				9133FCD31A804D630091AB6F /* Images.xcassets */,
				9133FCD51A804D630091AB6F /* LaunchScreen.xib */,
				9133FCCA1A804D630091AB6F /* Supporting Files */,
			);
			path = "ios delegates";
			sourceTree = "<group>";
		};
		9133FCCA1A804D630091AB6F /* Supporting Files */ = {
			isa = PBXGroup;
			children = (
				9133FCCB1A804D630091AB6F /* Info.plist */,
			);
			name = "Supporting Files";
			sourceTree = "<group>";
		};
		9133FCDF1A804D630091AB6F /* ios delegatesTests */ = {
			isa = PBXGroup;
			children = (
				9133FCE21A804D630091AB6F /* ios_delegatesTests.swift */,
				9133FCE01A804D630091AB6F /* Supporting Files */,
			);
			path = "ios delegatesTests";
			sourceTree = "<group>";
		};
		9133FCE01A804D630091AB6F /* Supporting Files */ = {
			isa = PBXGroup;
			children = (
				9133FCE11A804D630091AB6F /* Info.plist */,
			);
			name = "Supporting Files";
			sourceTree = "<group>";
		};
/* End PBXGroup section */

/* Begin PBXNativeTarget section */
		9133FCC61A804D630091AB6F /* ios delegates */ = {
			isa = PBXNativeTarget;
			buildConfigurationList = 9133FCE61A804D630091AB6F /* Build configuration list for PBXNativeTarget "ios delegates" */;
			buildPhases = (
				9133FCC31A804D630091AB6F /* Sources */,
				9133FCC41A804D630091AB6F /* Frameworks */,
				9133FCC51A804D630091AB6F /* Resources */,
			);
			buildRules = (
			);
			dependencies = (
			);
			name = "ios delegates";
			productName = "ios delegates";
			productReference = 9133FCC71A804D630091AB6F /* ios delegates.app */;
			productType = "com.apple.product-type.application";
		};
		9133FCDB1A804D630091AB6F /* ios delegatesTests */ = {
			isa = PBXNativeTarget;
			buildConfigurationList = 9133FCE91A804D630091AB6F /* Build configuration list for PBXNativeTarget "ios delegatesTests" */;
			buildPhases = (
				9133FCD81A804D630091AB6F /* Sources */,
				9133FCD91A804D630091AB6F /* Frameworks */,
				9133FCDA1A804D630091AB6F /* Resources */,
			);
			buildRules = (
			);
			dependencies = (
				9133FCDE1A804D630091AB6F /* PBXTargetDependency */,
			);
			name = "ios delegatesTests";
			productName = "ios delegatesTests";
			productReference = 9133FCDC1A804D630091AB6F /* ios delegatesTests.xctest */;
			productType = "com.apple.product-type.bundle.unit-test";
		};
/* End PBXNativeTarget section */

/* Begin PBXProject section */
		9133FCBF1A804D630091AB6F /* Project object */ = {
			isa = PBXProject;
			attributes = {
				LastUpgradeCheck = 0610;
				ORGANIZATIONNAME = "Sonia Ourmaonva";
				TargetAttributes = {
					9133FCC61A804D630091AB6F = {
						CreatedOnToolsVersion = 6.1.1;
					};
					9133FCDB1A804D630091AB6F = {
						CreatedOnToolsVersion = 6.1.1;
						TestTargetID = 9133FCC61A804D630091AB6F;
					};
				};
			};
			buildConfigurationList = 9133FCC21A804D630091AB6F /* Build configuration list for PBXProject "ios delegates" */;
			compatibilityVersion = "Xcode 3.2";
			developmentRegion = English;
			hasScannedForEncodings = 0;
			knownRegions = (
				en,
				Base,
			);
			mainGroup = 9133FCBE1A804D630091AB6F;
			productRefGroup = 9133FCC81A804D630091AB6F /* Products */;
			projectDirPath = "";
			projectRoot = "";
			targets = (
				9133FCC61A804D630091AB6F /* ios delegates */,
				9133FCDB1A804D630091AB6F /* ios delegatesTests */,
			);
		};
/* End PBXProject section */

/* Begin PBXResourcesBuildPhase section */
		9133FCC51A804D630091AB6F /* Resources */ = {
			isa = PBXResourcesBuildPhase;
			buildActionMask = 2147483647;
			files = (
				9133FCD21A804D630091AB6F /* Main.storyboard in Resources */,
				9133FCD71A804D630091AB6F /* LaunchScreen.xib in Resources */,
				9133FCD41A804D630091AB6F /* Images.xcassets in Resources */,
			);
			runOnlyForDeploymentPostprocessing = 0;
		};
		9133FCDA1A804D630091AB6F /* Resources */ = {
			isa = PBXResourcesBuildPhase;
			buildActionMask = 2147483647;
			files = (
			);
			runOnlyForDeploymentPostprocessing = 0;
		};
/* End PBXResourcesBuildPhase section */

/* Begin PBXSourcesBuildPhase section */
		9133FCC31A804D630091AB6F /* Sources */ = {
			isa = PBXSourcesBuildPhase;
			buildActionMask = 2147483647;
			files = (
				9133FCCF1A804D630091AB6F /* ViewController.swift in Sources */,
				9133FCCD1A804D630091AB6F /* AppDelegate.swift in Sources */,
			);
			runOnlyForDeploymentPostprocessing = 0;
		};
		9133FCD81A804D630091AB6F /* Sources */ = {
			isa = PBXSourcesBuildPhase;
			buildActionMask = 2147483647;
			files = (
				9133FCE31A804D630091AB6F /* ios_delegatesTests.swift in Sources */,
			);
			runOnlyForDeploymentPostprocessing = 0;
		};
/* End PBXSourcesBuildPhase section */

/* Begin PBXTargetDependency section */
		9133FCDE1A804D630091AB6F /* PBXTargetDependency */ = {
			isa = PBXTargetDependency;
			target = 9133FCC61A804D630091AB6F /* ios delegates */;
			targetProxy = 9133FCDD1A804D630091AB6F /* PBXContainerItemProxy */;
		};
/* End PBXTargetDependency section */

/* Begin PBXVariantGroup section */
		9133FCD01A804D630091AB6F /* Main.storyboard */ = {
			isa = PBXVariantGroup;
			children = (
				9133FCD11A804D630091AB6F /* Base */,
			);
			name = Main.storyboard;
			sourceTree = "<group>";
		};
		9133FCD51A804D630091AB6F /* LaunchScreen.xib */ = {
			isa = PBXVariantGroup;
			children = (
				9133FCD61A804D630091AB6F /* Base */,
			);
			name = LaunchScreen.xib;
			sourceTree = "<group>";
		};
/* End PBXVariantGroup section */

/* Begin XCBuildConfiguration section */
		9133FCE41A804D630091AB6F /* Debug */ = {
			isa = XCBuildConfiguration;
			buildSettings = {
				ALWAYS_SEARCH_USER_PATHS = NO;
				CLANG_CXX_LANGUAGE_STANDARD = "gnu++0x";
				CLANG_CXX_LIBRARY = "libc++";
				CLANG_ENABLE_MODULES = YES;
				CLANG_ENABLE_OBJC_ARC = YES;
				CLANG_WARN_BOOL_CONVERSION = YES;
				CLANG_WARN_CONSTANT_CONVERSION = YES;
				CLANG_WARN_DIRECT_OBJC_ISA_USAGE = YES_ERROR;
				CLANG_WARN_EMPTY_BODY = YES;
				CLANG_WARN_ENUM_CONVERSION = YES;
				CLANG_WARN_INT_CONVERSION = YES;
				CLANG_WARN_OBJC_ROOT_CLASS = YES_ERROR;
				CLANG_WARN_UNREACHABLE_CODE = YES;
				CLANG_WARN__DUPLICATE_METHOD_MATCH = YES;
				"CODE_SIGN_IDENTITY[sdk=iphoneos*]" = "iPhone Developer";
				COPY_PHASE_STRIP = NO;
				ENABLE_STRICT_OBJC_MSGSEND = YES;
				GCC_C_LANGUAGE_STANDARD = gnu99;
				GCC_DYNAMIC_NO_PIC = NO;
				GCC_OPTIMIZATION_LEVEL = 0;
				GCC_PREPROCESSOR_DEFINITIONS = (
					"DEBUG=1",
					"$(inherited)",
				);
				GCC_SYMBOLS_PRIVATE_EXTERN = NO;
				GCC_WARN_64_TO_32_BIT_CONVERSION = YES;
				GCC_WARN_ABOUT_RETURN_TYPE = YES_ERROR;
				GCC_WARN_UNDECLARED_SELECTOR = YES;
				GCC_WARN_UNINITIALIZED_AUTOS = YES_AGGRESSIVE;
				GCC_WARN_UNUSED_FUNCTION = YES;
				GCC_WARN_UNUSED_VARIABLE = YES;
				IPHONEOS_DEPLOYMENT_TARGET = 8.1;
				MTL_ENABLE_DEBUG_INFO = YES;
				ONLY_ACTIVE_ARCH = YES;
				SDKROOT = iphoneos;
				SWIFT_OPTIMIZATION_LEVEL = "-Onone";
			};
			name = Debug;
		};
		9133FCE51A804D630091AB6F /* Release */ = {
			isa = XCBuildConfiguration;
			buildSettings = {
				ALWAYS_SEARCH_USER_PATHS = NO;
				CLANG_CXX_LANGUAGE_STANDARD = "gnu++0x";
				CLANG_CXX_LIBRARY = "libc++";
				CLANG_ENABLE_MODULES = YES;
				CLANG_ENABLE_OBJC_ARC = YES;
				CLANG_WARN_BOOL_CONVERSION = YES;
				CLANG_WARN_CONSTANT_CONVERSION = YES;
				CLANG_WARN_DIRECT_OBJC_ISA_USAGE = YES_ERROR;
				CLANG_WARN_EMPTY_BODY = YES;
				CLANG_WARN_ENUM_CONVERSION = YES;
				CLANG_WARN_INT_CONVERSION = YES;
				CLANG_WARN_OBJC_ROOT_CLASS = YES_ERROR;
				CLANG_WARN_UNREACHABLE_CODE = YES;
				CLANG_WARN__DUPLICATE_METHOD_MATCH = YES;
				"CODE_SIGN_IDENTITY[sdk=iphoneos*]" = "iPhone Developer";
				COPY_PHASE_STRIP = YES;
				ENABLE_NS_ASSERTIONS = NO;
				ENABLE_STRICT_OBJC_MSGSEND = YES;
				GCC_C_LANGUAGE_STANDARD = gnu99;
				GCC_WARN_64_TO_32_BIT_CONVERSION = YES;
				GCC_WARN_ABOUT_RETURN_TYPE = YES_ERROR;
				GCC_WARN_UNDECLARED_SELECTOR = YES;
				GCC_WARN_UNINITIALIZED_AUTOS = YES_AGGRESSIVE;
				GCC_WARN_UNUSED_FUNCTION = YES;
				GCC_WARN_UNUSED_VARIABLE = YES;
				IPHONEOS_DEPLOYMENT_TARGET = 8.1;
				MTL_ENABLE_DEBUG_INFO = NO;
				SDKROOT = iphoneos;
				VALIDATE_PRODUCT = YES;
			};
			name = Release;
		};
		9133FCE71A804D630091AB6F /* Debug */ = {
			isa = XCBuildConfiguration;
			buildSettings = {
				ASSETCATALOG_COMPILER_APPICON_NAME = AppIcon;
				INFOPLIST_FILE = "ios delegates/Info.plist";
				LD_RUNPATH_SEARCH_PATHS = "$(inherited) @executable_path/Frameworks";
				PRODUCT_NAME = "$(TARGET_NAME)";
			};
			name = Debug;
		};
		9133FCE81A804D630091AB6F /* Release */ = {
			isa = XCBuildConfiguration;
			buildSettings = {
				ASSETCATALOG_COMPILER_APPICON_NAME = AppIcon;
				INFOPLIST_FILE = "ios delegates/Info.plist";
				LD_RUNPATH_SEARCH_PATHS = "$(inherited) @executable_path/Frameworks";
				PRODUCT_NAME = "$(TARGET_NAME)";
			};
			name = Release;
		};
		9133FCEA1A804D630091AB6F /* Debug */ = {
			isa = XCBuildConfiguration;
			buildSettings = {
				BUNDLE_LOADER = "$(TEST_HOST)";
				FRAMEWORK_SEARCH_PATHS = (
					"$(SDKROOT)/Developer/Library/Frameworks",
					"$(inherited)",
				);
				GCC_PREPROCESSOR_DEFINITIONS = (
					"DEBUG=1",
					"$(inherited)",
				);
				INFOPLIST_FILE = "ios delegatesTests/Info.plist";
				LD_RUNPATH_SEARCH_PATHS = "$(inherited) @executable_path/Frameworks @loader_path/Frameworks";
				PRODUCT_NAME = "$(TARGET_NAME)";
				TEST_HOST = "$(BUILT_PRODUCTS_DIR)/ios delegates.app/ios delegates";
			};
			name = Debug;
		};
		9133FCEB1A804D630091AB6F /* Release */ = {
			isa = XCBuildConfiguration;
			buildSettings = {
				BUNDLE_LOADER = "$(TEST_HOST)";
				FRAMEWORK_SEARCH_PATHS = (
					"$(SDKROOT)/Developer/Library/Frameworks",
					"$(inherited)",
				);
				INFOPLIST_FILE = "ios delegatesTests/Info.plist";
				LD_RUNPATH_SEARCH_PATHS = "$(inherited) @executable_path/Frameworks @loader_path/Frameworks";
				PRODUCT_NAME = "$(TARGET_NAME)";
				TEST_HOST = "$(BUILT_PRODUCTS_DIR)/ios delegates.app/ios delegates";
			};
			name = Release;
		};
/* End XCBuildConfiguration section */

/* Begin XCConfigurationList section */
		9133FCC21A804D630091AB6F /* Build configuration list for PBXProject "ios delegates" */ = {
			isa = XCConfigurationList;
			buildConfigurations = (
				9133FCE41A804D630091AB6F /* Debug */,
				9133FCE51A804D630091AB6F /* Release */,
			);
			defaultConfigurationIsVisible = 0;
			defaultConfigurationName = Release;
		};
		9133FCE61A804D630091AB6F /* Build configuration list for PBXNativeTarget "ios delegates" */ = {
			isa = XCConfigurationList;
			buildConfigurations = (
				9133FCE71A804D630091AB6F /* Debug */,
				9133FCE81A804D630091AB6F /* Release */,
			);
			defaultConfigurationIsVisible = 0;
		};
		9133FCE91A804D630091AB6F /* Build configuration list for PBXNativeTarget "ios delegatesTests" */ = {
			isa = XCConfigurationList;
			buildConfigurations = (
				9133FCEA1A804D630091AB6F /* Debug */,
				9133FCEB1A804D630091AB6F /* Release */,
			);
			defaultConfigurationIsVisible = 0;
		};
/* End XCConfigurationList section */
	};
	rootObject = 9133FCBF1A804D630091AB6F /* Project object */;
}
