// !$*UTF8*$!
{
	archiveVersion = 1;
	classes = {
	};
	objectVersion = 46;
	objects = {

/* Begin PBXBuildFile section */
		91C37DC61A7090880008A0C2 /* AppDelegate.swift in Sources */ = {isa = PBXBuildFile; fileRef = 91C37DC51A7090880008A0C2 /* AppDelegate.swift */; };
		91C37DC81A7090880008A0C2 /* ViewController.swift in Sources */ = {isa = PBXBuildFile; fileRef = 91C37DC71A7090880008A0C2 /* ViewController.swift */; };
		91C37DCB1A7090880008A0C2 /* Main.storyboard in Resources */ = {isa = PBXBuildFile; fileRef = 91C37DC91A7090880008A0C2 /* Main.storyboard */; };
		91C37DCD1A7090880008A0C2 /* Images.xcassets in Resources */ = {isa = PBXBuildFile; fileRef = 91C37DCC1A7090880008A0C2 /* Images.xcassets */; };
		91C37DD01A7090880008A0C2 /* LaunchScreen.xib in Resources */ = {isa = PBXBuildFile; fileRef = 91C37DCE1A7090880008A0C2 /* LaunchScreen.xib */; };
		91C37DDC1A7090880008A0C2 /* View_demosTests.swift in Sources */ = {isa = PBXBuildFile; fileRef = 91C37DDB1A7090880008A0C2 /* View_demosTests.swift */; };
/* End PBXBuildFile section */

/* Begin PBXContainerItemProxy section */
		91C37DD61A7090880008A0C2 /* PBXContainerItemProxy */ = {
			isa = PBXContainerItemProxy;
			containerPortal = 91C37DB81A7090880008A0C2 /* Project object */;
			proxyType = 1;
			remoteGlobalIDString = 91C37DBF1A7090880008A0C2;
			remoteInfo = "View demos";
		};
/* End PBXContainerItemProxy section */

/* Begin PBXFileReference section */
		91C37DC01A7090880008A0C2 /* View demos.app */ = {isa = PBXFileReference; explicitFileType = wrapper.application; includeInIndex = 0; path = "View demos.app"; sourceTree = BUILT_PRODUCTS_DIR; };
		91C37DC41A7090880008A0C2 /* Info.plist */ = {isa = PBXFileReference; lastKnownFileType = text.plist.xml; path = Info.plist; sourceTree = "<group>"; };
		91C37DC51A7090880008A0C2 /* AppDelegate.swift */ = {isa = PBXFileReference; lastKnownFileType = sourcecode.swift; path = AppDelegate.swift; sourceTree = "<group>"; };
		91C37DC71A7090880008A0C2 /* ViewController.swift */ = {isa = PBXFileReference; lastKnownFileType = sourcecode.swift; path = ViewController.swift; sourceTree = "<group>"; };
		91C37DCA1A7090880008A0C2 /* Base */ = {isa = PBXFileReference; lastKnownFileType = file.storyboard; name = Base; path = Base.lproj/Main.storyboard; sourceTree = "<group>"; };
		91C37DCC1A7090880008A0C2 /* Images.xcassets */ = {isa = PBXFileReference; lastKnownFileType = folder.assetcatalog; path = Images.xcassets; sourceTree = "<group>"; };
		91C37DCF1A7090880008A0C2 /* Base */ = {isa = PBXFileReference; lastKnownFileType = file.xib; name = Base; path = Base.lproj/LaunchScreen.xib; sourceTree = "<group>"; };
		91C37DD51A7090880008A0C2 /* View demosTests.xctest */ = {isa = PBXFileReference; explicitFileType = wrapper.cfbundle; includeInIndex = 0; path = "View demosTests.xctest"; sourceTree = BUILT_PRODUCTS_DIR; };
		91C37DDA1A7090880008A0C2 /* Info.plist */ = {isa = PBXFileReference; lastKnownFileType = text.plist.xml; path = Info.plist; sourceTree = "<group>"; };
		91C37DDB1A7090880008A0C2 /* View_demosTests.swift */ = {isa = PBXFileReference; lastKnownFileType = sourcecode.swift; path = View_demosTests.swift; sourceTree = "<group>"; };
/* End PBXFileReference section */

/* Begin PBXFrameworksBuildPhase section */
		91C37DBD1A7090880008A0C2 /* Frameworks */ = {
			isa = PBXFrameworksBuildPhase;
			buildActionMask = 2147483647;
			files = (
			);
			runOnlyForDeploymentPostprocessing = 0;
		};
		91C37DD21A7090880008A0C2 /* Frameworks */ = {
			isa = PBXFrameworksBuildPhase;
			buildActionMask = 2147483647;
			files = (
			);
			runOnlyForDeploymentPostprocessing = 0;
		};
/* End PBXFrameworksBuildPhase section */

/* Begin PBXGroup section */
		91C37DB71A7090880008A0C2 = {
			isa = PBXGroup;
			children = (
				91C37DC21A7090880008A0C2 /* View demos */,
				91C37DD81A7090880008A0C2 /* View demosTests */,
				91C37DC11A7090880008A0C2 /* Products */,
			);
			sourceTree = "<group>";
		};
		91C37DC11A7090880008A0C2 /* Products */ = {
			isa = PBXGroup;
			children = (
				91C37DC01A7090880008A0C2 /* View demos.app */,
				91C37DD51A7090880008A0C2 /* View demosTests.xctest */,
			);
			name = Products;
			sourceTree = "<group>";
		};
		91C37DC21A7090880008A0C2 /* View demos */ = {
			isa = PBXGroup;
			children = (
				91C37DC51A7090880008A0C2 /* AppDelegate.swift */,
				91C37DC71A7090880008A0C2 /* ViewController.swift */,
				91C37DC91A7090880008A0C2 /* Main.storyboard */,
				91C37DCC1A7090880008A0C2 /* Images.xcassets */,
				91C37DCE1A7090880008A0C2 /* LaunchScreen.xib */,
				91C37DC31A7090880008A0C2 /* Supporting Files */,
			);
			path = "View demos";
			sourceTree = "<group>";
		};
		91C37DC31A7090880008A0C2 /* Supporting Files */ = {
			isa = PBXGroup;
			children = (
				91C37DC41A7090880008A0C2 /* Info.plist */,
			);
			name = "Supporting Files";
			sourceTree = "<group>";
		};
		91C37DD81A7090880008A0C2 /* View demosTests */ = {
			isa = PBXGroup;
			children = (
				91C37DDB1A7090880008A0C2 /* View_demosTests.swift */,
				91C37DD91A7090880008A0C2 /* Supporting Files */,
			);
			path = "View demosTests";
			sourceTree = "<group>";
		};
		91C37DD91A7090880008A0C2 /* Supporting Files */ = {
			isa = PBXGroup;
			children = (
				91C37DDA1A7090880008A0C2 /* Info.plist */,
			);
			name = "Supporting Files";
			sourceTree = "<group>";
		};
/* End PBXGroup section */

/* Begin PBXNativeTarget section */
		91C37DBF1A7090880008A0C2 /* View demos */ = {
			isa = PBXNativeTarget;
			buildConfigurationList = 91C37DDF1A7090880008A0C2 /* Build configuration list for PBXNativeTarget "View demos" */;
			buildPhases = (
				91C37DBC1A7090880008A0C2 /* Sources */,
				91C37DBD1A7090880008A0C2 /* Frameworks */,
				91C37DBE1A7090880008A0C2 /* Resources */,
			);
			buildRules = (
			);
			dependencies = (
			);
			name = "View demos";
			productName = "View demos";
			productReference = 91C37DC01A7090880008A0C2 /* View demos.app */;
			productType = "com.apple.product-type.application";
		};
		91C37DD41A7090880008A0C2 /* View demosTests */ = {
			isa = PBXNativeTarget;
			buildConfigurationList = 91C37DE21A7090880008A0C2 /* Build configuration list for PBXNativeTarget "View demosTests" */;
			buildPhases = (
				91C37DD11A7090880008A0C2 /* Sources */,
				91C37DD21A7090880008A0C2 /* Frameworks */,
				91C37DD31A7090880008A0C2 /* Resources */,
			);
			buildRules = (
			);
			dependencies = (
				91C37DD71A7090880008A0C2 /* PBXTargetDependency */,
			);
			name = "View demosTests";
			productName = "View demosTests";
			productReference = 91C37DD51A7090880008A0C2 /* View demosTests.xctest */;
			productType = "com.apple.product-type.bundle.unit-test";
		};
/* End PBXNativeTarget section */

/* Begin PBXProject section */
		91C37DB81A7090880008A0C2 /* Project object */ = {
			isa = PBXProject;
			attributes = {
				LastUpgradeCheck = 0610;
				ORGANIZATIONNAME = "Sonia Ourmaonva";
				TargetAttributes = {
					91C37DBF1A7090880008A0C2 = {
						CreatedOnToolsVersion = 6.1.1;
					};
					91C37DD41A7090880008A0C2 = {
						CreatedOnToolsVersion = 6.1.1;
						TestTargetID = 91C37DBF1A7090880008A0C2;
					};
				};
			};
			buildConfigurationList = 91C37DBB1A7090880008A0C2 /* Build configuration list for PBXProject "View demos" */;
			compatibilityVersion = "Xcode 3.2";
			developmentRegion = English;
			hasScannedForEncodings = 0;
			knownRegions = (
				en,
				Base,
			);
			mainGroup = 91C37DB71A7090880008A0C2;
			productRefGroup = 91C37DC11A7090880008A0C2 /* Products */;
			projectDirPath = "";
			projectRoot = "";
			targets = (
				91C37DBF1A7090880008A0C2 /* View demos */,
				91C37DD41A7090880008A0C2 /* View demosTests */,
			);
		};
/* End PBXProject section */

/* Begin PBXResourcesBuildPhase section */
		91C37DBE1A7090880008A0C2 /* Resources */ = {
			isa = PBXResourcesBuildPhase;
			buildActionMask = 2147483647;
			files = (
				91C37DCB1A7090880008A0C2 /* Main.storyboard in Resources */,
				91C37DD01A7090880008A0C2 /* LaunchScreen.xib in Resources */,
				91C37DCD1A7090880008A0C2 /* Images.xcassets in Resources */,
			);
			runOnlyForDeploymentPostprocessing = 0;
		};
		91C37DD31A7090880008A0C2 /* Resources */ = {
			isa = PBXResourcesBuildPhase;
			buildActionMask = 2147483647;
			files = (
			);
			runOnlyForDeploymentPostprocessing = 0;
		};
/* End PBXResourcesBuildPhase section */

/* Begin PBXSourcesBuildPhase section */
		91C37DBC1A7090880008A0C2 /* Sources */ = {
			isa = PBXSourcesBuildPhase;
			buildActionMask = 2147483647;
			files = (
				91C37DC81A7090880008A0C2 /* ViewController.swift in Sources */,
				91C37DC61A7090880008A0C2 /* AppDelegate.swift in Sources */,
			);
			runOnlyForDeploymentPostprocessing = 0;
		};
		91C37DD11A7090880008A0C2 /* Sources */ = {
			isa = PBXSourcesBuildPhase;
			buildActionMask = 2147483647;
			files = (
				91C37DDC1A7090880008A0C2 /* View_demosTests.swift in Sources */,
			);
			runOnlyForDeploymentPostprocessing = 0;
		};
/* End PBXSourcesBuildPhase section */

/* Begin PBXTargetDependency section */
		91C37DD71A7090880008A0C2 /* PBXTargetDependency */ = {
			isa = PBXTargetDependency;
			target = 91C37DBF1A7090880008A0C2 /* View demos */;
			targetProxy = 91C37DD61A7090880008A0C2 /* PBXContainerItemProxy */;
		};
/* End PBXTargetDependency section */

/* Begin PBXVariantGroup section */
		91C37DC91A7090880008A0C2 /* Main.storyboard */ = {
			isa = PBXVariantGroup;
			children = (
				91C37DCA1A7090880008A0C2 /* Base */,
			);
			name = Main.storyboard;
			sourceTree = "<group>";
		};
		91C37DCE1A7090880008A0C2 /* LaunchScreen.xib */ = {
			isa = PBXVariantGroup;
			children = (
				91C37DCF1A7090880008A0C2 /* Base */,
			);
			name = LaunchScreen.xib;
			sourceTree = "<group>";
		};
/* End PBXVariantGroup section */

/* Begin XCBuildConfiguration section */
		91C37DDD1A7090880008A0C2 /* Debug */ = {
			isa = XCBuildConfiguration;
			buildSettings = {
				ALWAYS_SEARCH_USER_PATHS = NO;
				CLANG_CXX_LANGUAGE_STANDARD = "gnu++0x";
				CLANG_CXX_LIBRARY = "libc++";
				CLANG_ENABLE_MODULES = YES;
				CLANG_ENABLE_OBJC_ARC = YES;
				CLANG_WARN_BOOL_CONVERSION = YES;
				CLANG_WARN_CONSTANT_CONVERSION = YES;
				CLANG_WARN_DIRECT_OBJC_ISA_USAGE = YES_ERROR;
				CLANG_WARN_EMPTY_BODY = YES;
				CLANG_WARN_ENUM_CONVERSION = YES;
				CLANG_WARN_INT_CONVERSION = YES;
				CLANG_WARN_OBJC_ROOT_CLASS = YES_ERROR;
				CLANG_WARN_UNREACHABLE_CODE = YES;
				CLANG_WARN__DUPLICATE_METHOD_MATCH = YES;
				"CODE_SIGN_IDENTITY[sdk=iphoneos*]" = "iPhone Developer";
				COPY_PHASE_STRIP = NO;
				ENABLE_STRICT_OBJC_MSGSEND = YES;
				GCC_C_LANGUAGE_STANDARD = gnu99;
				GCC_DYNAMIC_NO_PIC = NO;
				GCC_OPTIMIZATION_LEVEL = 0;
				GCC_PREPROCESSOR_DEFINITIONS = (
					"DEBUG=1",
					"$(inherited)",
				);
				GCC_SYMBOLS_PRIVATE_EXTERN = NO;
				GCC_WARN_64_TO_32_BIT_CONVERSION = YES;
				GCC_WARN_ABOUT_RETURN_TYPE = YES_ERROR;
				GCC_WARN_UNDECLARED_SELECTOR = YES;
				GCC_WARN_UNINITIALIZED_AUTOS = YES_AGGRESSIVE;
				GCC_WARN_UNUSED_FUNCTION = YES;
				GCC_WARN_UNUSED_VARIABLE = YES;
				IPHONEOS_DEPLOYMENT_TARGET = 8.1;
				MTL_ENABLE_DEBUG_INFO = YES;
				ONLY_ACTIVE_ARCH = YES;
				SDKROOT = iphoneos;
				SWIFT_OPTIMIZATION_LEVEL = "-Onone";
			};
			name = Debug;
		};
		91C37DDE1A7090880008A0C2 /* Release */ = {
			isa = XCBuildConfiguration;
			buildSettings = {
				ALWAYS_SEARCH_USER_PATHS = NO;
				CLANG_CXX_LANGUAGE_STANDARD = "gnu++0x";
				CLANG_CXX_LIBRARY = "libc++";
				CLANG_ENABLE_MODULES = YES;
				CLANG_ENABLE_OBJC_ARC = YES;
				CLANG_WARN_BOOL_CONVERSION = YES;
				CLANG_WARN_CONSTANT_CONVERSION = YES;
				CLANG_WARN_DIRECT_OBJC_ISA_USAGE = YES_ERROR;
				CLANG_WARN_EMPTY_BODY = YES;
				CLANG_WARN_ENUM_CONVERSION = YES;
				CLANG_WARN_INT_CONVERSION = YES;
				CLANG_WARN_OBJC_ROOT_CLASS = YES_ERROR;
				CLANG_WARN_UNREACHABLE_CODE = YES;
				CLANG_WARN__DUPLICATE_METHOD_MATCH = YES;
				"CODE_SIGN_IDENTITY[sdk=iphoneos*]" = "iPhone Developer";
				COPY_PHASE_STRIP = YES;
				ENABLE_NS_ASSERTIONS = NO;
				ENABLE_STRICT_OBJC_MSGSEND = YES;
				GCC_C_LANGUAGE_STANDARD = gnu99;
				GCC_WARN_64_TO_32_BIT_CONVERSION = YES;
				GCC_WARN_ABOUT_RETURN_TYPE = YES_ERROR;
				GCC_WARN_UNDECLARED_SELECTOR = YES;
				GCC_WARN_UNINITIALIZED_AUTOS = YES_AGGRESSIVE;
				GCC_WARN_UNUSED_FUNCTION = YES;
				GCC_WARN_UNUSED_VARIABLE = YES;
				IPHONEOS_DEPLOYMENT_TARGET = 8.1;
				MTL_ENABLE_DEBUG_INFO = NO;
				SDKROOT = iphoneos;
				VALIDATE_PRODUCT = YES;
			};
			name = Release;
		};
		91C37DE01A7090880008A0C2 /* Debug */ = {
			isa = XCBuildConfiguration;
			buildSettings = {
				ASSETCATALOG_COMPILER_APPICON_NAME = AppIcon;
				INFOPLIST_FILE = "View demos/Info.plist";
				LD_RUNPATH_SEARCH_PATHS = "$(inherited) @executable_path/Frameworks";
				PRODUCT_NAME = "$(TARGET_NAME)";
			};
			name = Debug;
		};
		91C37DE11A7090880008A0C2 /* Release */ = {
			isa = XCBuildConfiguration;
			buildSettings = {
				ASSETCATALOG_COMPILER_APPICON_NAME = AppIcon;
				INFOPLIST_FILE = "View demos/Info.plist";
				LD_RUNPATH_SEARCH_PATHS = "$(inherited) @executable_path/Frameworks";
				PRODUCT_NAME = "$(TARGET_NAME)";
			};
			name = Release;
		};
		91C37DE31A7090880008A0C2 /* Debug */ = {
			isa = XCBuildConfiguration;
			buildSettings = {
				BUNDLE_LOADER = "$(TEST_HOST)";
				FRAMEWORK_SEARCH_PATHS = (
					"$(SDKROOT)/Developer/Library/Frameworks",
					"$(inherited)",
				);
				GCC_PREPROCESSOR_DEFINITIONS = (
					"DEBUG=1",
					"$(inherited)",
				);
				INFOPLIST_FILE = "View demosTests/Info.plist";
				LD_RUNPATH_SEARCH_PATHS = "$(inherited) @executable_path/Frameworks @loader_path/Frameworks";
				PRODUCT_NAME = "$(TARGET_NAME)";
				TEST_HOST = "$(BUILT_PRODUCTS_DIR)/View demos.app/View demos";
			};
			name = Debug;
		};
		91C37DE41A7090880008A0C2 /* Release */ = {
			isa = XCBuildConfiguration;
			buildSettings = {
				BUNDLE_LOADER = "$(TEST_HOST)";
				FRAMEWORK_SEARCH_PATHS = (
					"$(SDKROOT)/Developer/Library/Frameworks",
					"$(inherited)",
				);
				INFOPLIST_FILE = "View demosTests/Info.plist";
				LD_RUNPATH_SEARCH_PATHS = "$(inherited) @executable_path/Frameworks @loader_path/Frameworks";
				PRODUCT_NAME = "$(TARGET_NAME)";
				TEST_HOST = "$(BUILT_PRODUCTS_DIR)/View demos.app/View demos";
			};
			name = Release;
		};
/* End XCBuildConfiguration section */

/* Begin XCConfigurationList section */
		91C37DBB1A7090880008A0C2 /* Build configuration list for PBXProject "View demos" */ = {
			isa = XCConfigurationList;
			buildConfigurations = (
				91C37DDD1A7090880008A0C2 /* Debug */,
				91C37DDE1A7090880008A0C2 /* Release */,
			);
			defaultConfigurationIsVisible = 0;
			defaultConfigurationName = Release;
		};
		91C37DDF1A7090880008A0C2 /* Build configuration list for PBXNativeTarget "View demos" */ = {
			isa = XCConfigurationList;
			buildConfigurations = (
				91C37DE01A7090880008A0C2 /* Debug */,
				91C37DE11A7090880008A0C2 /* Release */,
			);
			defaultConfigurationIsVisible = 0;
		};
		91C37DE21A7090880008A0C2 /* Build configuration list for PBXNativeTarget "View demosTests" */ = {
			isa = XCConfigurationList;
			buildConfigurations = (
				91C37DE31A7090880008A0C2 /* Debug */,
				91C37DE41A7090880008A0C2 /* Release */,
			);
			defaultConfigurationIsVisible = 0;
		};
/* End XCConfigurationList section */
	};
	rootObject = 91C37DB81A7090880008A0C2 /* Project object */;
}
