// !$*UTF8*$!
{
	archiveVersion = 1;
	classes = {
	};
	objectVersion = 46;
	objects = {

/* Begin PBXBuildFile section */
		4DB0D1341A79E0860038292E /* AppDelegate.swift in Sources */ = {isa = PBXBuildFile; fileRef = 4DB0D1331A79E0860038292E /* AppDelegate.swift */; };
		4DB0D1391A79E0860038292E /* Main.storyboard in Resources */ = {isa = PBXBuildFile; fileRef = 4DB0D1371A79E0860038292E /* Main.storyboard */; };
		4DB0D13B1A79E0860038292E /* Images.xcassets in Resources */ = {isa = PBXBuildFile; fileRef = 4DB0D13A1A79E0860038292E /* Images.xcassets */; };
		4DB0D13E1A79E0860038292E /* LaunchScreen.xib in Resources */ = {isa = PBXBuildFile; fileRef = 4DB0D13C1A79E0860038292E /* LaunchScreen.xib */; };
		4DB0D14A1A79E0860038292E /* DelegationTests.swift in Sources */ = {isa = PBXBuildFile; fileRef = 4DB0D1491A79E0860038292E /* DelegationTests.swift */; };
		4DB0D1541A79E3370038292E /* EventsTableViewController.swift in Sources */ = {isa = PBXBuildFile; fileRef = 4DB0D1531A79E3370038292E /* EventsTableViewController.swift */; };
		4DB0D1561A79E34A0038292E /* AddEventViewController.swift in Sources */ = {isa = PBXBuildFile; fileRef = 4DB0D1551A79E34A0038292E /* AddEventViewController.swift */; };
		4DB0D15A1A7B26C50038292E /* Event.swift in Sources */ = {isa = PBXBuildFile; fileRef = 4DB0D1591A7B26C50038292E /* Event.swift */; };
/* End PBXBuildFile section */

/* Begin PBXContainerItemProxy section */
		4DB0D1441A79E0860038292E /* PBXContainerItemProxy */ = {
			isa = PBXContainerItemProxy;
			containerPortal = 4DB0D1261A79E0860038292E /* Project object */;
			proxyType = 1;
			remoteGlobalIDString = 4DB0D12D1A79E0860038292E;
			remoteInfo = Delegation;
		};
/* End PBXContainerItemProxy section */

/* Begin PBXFileReference section */
		4DB0D12E1A79E0860038292E /* Delegation.app */ = {isa = PBXFileReference; explicitFileType = wrapper.application; includeInIndex = 0; path = Delegation.app; sourceTree = BUILT_PRODUCTS_DIR; };
		4DB0D1321A79E0860038292E /* Info.plist */ = {isa = PBXFileReference; lastKnownFileType = text.plist.xml; path = Info.plist; sourceTree = "<group>"; };
		4DB0D1331A79E0860038292E /* AppDelegate.swift */ = {isa = PBXFileReference; lastKnownFileType = sourcecode.swift; path = AppDelegate.swift; sourceTree = "<group>"; };
		4DB0D1381A79E0860038292E /* Base */ = {isa = PBXFileReference; lastKnownFileType = file.storyboard; name = Base; path = Base.lproj/Main.storyboard; sourceTree = "<group>"; };
		4DB0D13A1A79E0860038292E /* Images.xcassets */ = {isa = PBXFileReference; lastKnownFileType = folder.assetcatalog; path = Images.xcassets; sourceTree = "<group>"; };
		4DB0D13D1A79E0860038292E /* Base */ = {isa = PBXFileReference; lastKnownFileType = file.xib; name = Base; path = Base.lproj/LaunchScreen.xib; sourceTree = "<group>"; };
		4DB0D1431A79E0860038292E /* DelegationTests.xctest */ = {isa = PBXFileReference; explicitFileType = wrapper.cfbundle; includeInIndex = 0; path = DelegationTests.xctest; sourceTree = BUILT_PRODUCTS_DIR; };
		4DB0D1481A79E0860038292E /* Info.plist */ = {isa = PBXFileReference; lastKnownFileType = text.plist.xml; path = Info.plist; sourceTree = "<group>"; };
		4DB0D1491A79E0860038292E /* DelegationTests.swift */ = {isa = PBXFileReference; lastKnownFileType = sourcecode.swift; path = DelegationTests.swift; sourceTree = "<group>"; };
		4DB0D1531A79E3370038292E /* EventsTableViewController.swift */ = {isa = PBXFileReference; fileEncoding = 4; lastKnownFileType = sourcecode.swift; path = EventsTableViewController.swift; sourceTree = "<group>"; };
		4DB0D1551A79E34A0038292E /* AddEventViewController.swift */ = {isa = PBXFileReference; fileEncoding = 4; lastKnownFileType = sourcecode.swift; path = AddEventViewController.swift; sourceTree = "<group>"; };
		4DB0D1591A7B26C50038292E /* Event.swift */ = {isa = PBXFileReference; fileEncoding = 4; lastKnownFileType = sourcecode.swift; path = Event.swift; sourceTree = "<group>"; };
/* End PBXFileReference section */

/* Begin PBXFrameworksBuildPhase section */
		4DB0D12B1A79E0860038292E /* Frameworks */ = {
			isa = PBXFrameworksBuildPhase;
			buildActionMask = 2147483647;
			files = (
			);
			runOnlyForDeploymentPostprocessing = 0;
		};
		4DB0D1401A79E0860038292E /* Frameworks */ = {
			isa = PBXFrameworksBuildPhase;
			buildActionMask = 2147483647;
			files = (
			);
			runOnlyForDeploymentPostprocessing = 0;
		};
/* End PBXFrameworksBuildPhase section */

/* Begin PBXGroup section */
		4DB0D1251A79E0860038292E = {
			isa = PBXGroup;
			children = (
				4DB0D1301A79E0860038292E /* Delegation */,
				4DB0D1461A79E0860038292E /* DelegationTests */,
				4DB0D12F1A79E0860038292E /* Products */,
			);
			sourceTree = "<group>";
		};
		4DB0D12F1A79E0860038292E /* Products */ = {
			isa = PBXGroup;
			children = (
				4DB0D12E1A79E0860038292E /* Delegation.app */,
				4DB0D1431A79E0860038292E /* DelegationTests.xctest */,
			);
			name = Products;
			sourceTree = "<group>";
		};
		4DB0D1301A79E0860038292E /* Delegation */ = {
			isa = PBXGroup;
			children = (
				4DB0D1331A79E0860038292E /* AppDelegate.swift */,
				4DB0D1531A79E3370038292E /* EventsTableViewController.swift */,
				4DB0D1551A79E34A0038292E /* AddEventViewController.swift */,
				4DB0D1591A7B26C50038292E /* Event.swift */,
				4DB0D1371A79E0860038292E /* Main.storyboard */,
				4DB0D13A1A79E0860038292E /* Images.xcassets */,
				4DB0D13C1A79E0860038292E /* LaunchScreen.xib */,
				4DB0D1311A79E0860038292E /* Supporting Files */,
			);
			path = Delegation;
			sourceTree = "<group>";
		};
		4DB0D1311A79E0860038292E /* Supporting Files */ = {
			isa = PBXGroup;
			children = (
				4DB0D1321A79E0860038292E /* Info.plist */,
			);
			name = "Supporting Files";
			sourceTree = "<group>";
		};
		4DB0D1461A79E0860038292E /* DelegationTests */ = {
			isa = PBXGroup;
			children = (
				4DB0D1491A79E0860038292E /* DelegationTests.swift */,
				4DB0D1471A79E0860038292E /* Supporting Files */,
			);
			path = DelegationTests;
			sourceTree = "<group>";
		};
		4DB0D1471A79E0860038292E /* Supporting Files */ = {
			isa = PBXGroup;
			children = (
				4DB0D1481A79E0860038292E /* Info.plist */,
			);
			name = "Supporting Files";
			sourceTree = "<group>";
		};
/* End PBXGroup section */

/* Begin PBXNativeTarget section */
		4DB0D12D1A79E0860038292E /* Delegation */ = {
			isa = PBXNativeTarget;
			buildConfigurationList = 4DB0D14D1A79E0860038292E /* Build configuration list for PBXNativeTarget "Delegation" */;
			buildPhases = (
				4DB0D12A1A79E0860038292E /* Sources */,
				4DB0D12B1A79E0860038292E /* Frameworks */,
				4DB0D12C1A79E0860038292E /* Resources */,
			);
			buildRules = (
			);
			dependencies = (
			);
			name = Delegation;
			productName = Delegation;
			productReference = 4DB0D12E1A79E0860038292E /* Delegation.app */;
			productType = "com.apple.product-type.application";
		};
		4DB0D1421A79E0860038292E /* DelegationTests */ = {
			isa = PBXNativeTarget;
			buildConfigurationList = 4DB0D1501A79E0860038292E /* Build configuration list for PBXNativeTarget "DelegationTests" */;
			buildPhases = (
				4DB0D13F1A79E0860038292E /* Sources */,
				4DB0D1401A79E0860038292E /* Frameworks */,
				4DB0D1411A79E0860038292E /* Resources */,
			);
			buildRules = (
			);
			dependencies = (
				4DB0D1451A79E0860038292E /* PBXTargetDependency */,
			);
			name = DelegationTests;
			productName = DelegationTests;
			productReference = 4DB0D1431A79E0860038292E /* DelegationTests.xctest */;
			productType = "com.apple.product-type.bundle.unit-test";
		};
/* End PBXNativeTarget section */

/* Begin PBXProject section */
		4DB0D1261A79E0860038292E /* Project object */ = {
			isa = PBXProject;
			attributes = {
				LastUpgradeCheck = 0610;
				ORGANIZATIONNAME = "Thomas Degry";
				TargetAttributes = {
					4DB0D12D1A79E0860038292E = {
						CreatedOnToolsVersion = 6.1;
					};
					4DB0D1421A79E0860038292E = {
						CreatedOnToolsVersion = 6.1;
						TestTargetID = 4DB0D12D1A79E0860038292E;
					};
				};
			};
			buildConfigurationList = 4DB0D1291A79E0860038292E /* Build configuration list for PBXProject "Delegation" */;
			compatibilityVersion = "Xcode 3.2";
			developmentRegion = English;
			hasScannedForEncodings = 0;
			knownRegions = (
				en,
				Base,
			);
			mainGroup = 4DB0D1251A79E0860038292E;
			productRefGroup = 4DB0D12F1A79E0860038292E /* Products */;
			projectDirPath = "";
			projectRoot = "";
			targets = (
				4DB0D12D1A79E0860038292E /* Delegation */,
				4DB0D1421A79E0860038292E /* DelegationTests */,
			);
		};
/* End PBXProject section */

/* Begin PBXResourcesBuildPhase section */
		4DB0D12C1A79E0860038292E /* Resources */ = {
			isa = PBXResourcesBuildPhase;
			buildActionMask = 2147483647;
			files = (
				4DB0D1391A79E0860038292E /* Main.storyboard in Resources */,
				4DB0D13E1A79E0860038292E /* LaunchScreen.xib in Resources */,
				4DB0D13B1A79E0860038292E /* Images.xcassets in Resources */,
			);
			runOnlyForDeploymentPostprocessing = 0;
		};
		4DB0D1411A79E0860038292E /* Resources */ = {
			isa = PBXResourcesBuildPhase;
			buildActionMask = 2147483647;
			files = (
			);
			runOnlyForDeploymentPostprocessing = 0;
		};
/* End PBXResourcesBuildPhase section */

/* Begin PBXSourcesBuildPhase section */
		4DB0D12A1A79E0860038292E /* Sources */ = {
			isa = PBXSourcesBuildPhase;
			buildActionMask = 2147483647;
			files = (
				4DB0D15A1A7B26C50038292E /* Event.swift in Sources */,
				4DB0D1541A79E3370038292E /* EventsTableViewController.swift in Sources */,
				4DB0D1561A79E34A0038292E /* AddEventViewController.swift in Sources */,
				4DB0D1341A79E0860038292E /* AppDelegate.swift in Sources */,
			);
			runOnlyForDeploymentPostprocessing = 0;
		};
		4DB0D13F1A79E0860038292E /* Sources */ = {
			isa = PBXSourcesBuildPhase;
			buildActionMask = 2147483647;
			files = (
				4DB0D14A1A79E0860038292E /* DelegationTests.swift in Sources */,
			);
			runOnlyForDeploymentPostprocessing = 0;
		};
/* End PBXSourcesBuildPhase section */

/* Begin PBXTargetDependency section */
		4DB0D1451A79E0860038292E /* PBXTargetDependency */ = {
			isa = PBXTargetDependency;
			target = 4DB0D12D1A79E0860038292E /* Delegation */;
			targetProxy = 4DB0D1441A79E0860038292E /* PBXContainerItemProxy */;
		};
/* End PBXTargetDependency section */

/* Begin PBXVariantGroup section */
		4DB0D1371A79E0860038292E /* Main.storyboard */ = {
			isa = PBXVariantGroup;
			children = (
				4DB0D1381A79E0860038292E /* Base */,
			);
			name = Main.storyboard;
			sourceTree = "<group>";
		};
		4DB0D13C1A79E0860038292E /* LaunchScreen.xib */ = {
			isa = PBXVariantGroup;
			children = (
				4DB0D13D1A79E0860038292E /* Base */,
			);
			name = LaunchScreen.xib;
			sourceTree = "<group>";
		};
/* End PBXVariantGroup section */

/* Begin XCBuildConfiguration section */
		4DB0D14B1A79E0860038292E /* Debug */ = {
			isa = XCBuildConfiguration;
			buildSettings = {
				ALWAYS_SEARCH_USER_PATHS = NO;
				CLANG_CXX_LANGUAGE_STANDARD = "gnu++0x";
				CLANG_CXX_LIBRARY = "libc++";
				CLANG_ENABLE_MODULES = YES;
				CLANG_ENABLE_OBJC_ARC = YES;
				CLANG_WARN_BOOL_CONVERSION = YES;
				CLANG_WARN_CONSTANT_CONVERSION = YES;
				CLANG_WARN_DIRECT_OBJC_ISA_USAGE = YES_ERROR;
				CLANG_WARN_EMPTY_BODY = YES;
				CLANG_WARN_ENUM_CONVERSION = YES;
				CLANG_WARN_INT_CONVERSION = YES;
				CLANG_WARN_OBJC_ROOT_CLASS = YES_ERROR;
				CLANG_WARN_UNREACHABLE_CODE = YES;
				CLANG_WARN__DUPLICATE_METHOD_MATCH = YES;
				"CODE_SIGN_IDENTITY[sdk=iphoneos*]" = "iPhone Developer";
				COPY_PHASE_STRIP = NO;
				ENABLE_STRICT_OBJC_MSGSEND = YES;
				GCC_C_LANGUAGE_STANDARD = gnu99;
				GCC_DYNAMIC_NO_PIC = NO;
				GCC_OPTIMIZATION_LEVEL = 0;
				GCC_PREPROCESSOR_DEFINITIONS = (
					"DEBUG=1",
					"$(inherited)",
				);
				GCC_SYMBOLS_PRIVATE_EXTERN = NO;
				GCC_WARN_64_TO_32_BIT_CONVERSION = YES;
				GCC_WARN_ABOUT_RETURN_TYPE = YES_ERROR;
				GCC_WARN_UNDECLARED_SELECTOR = YES;
				GCC_WARN_UNINITIALIZED_AUTOS = YES_AGGRESSIVE;
				GCC_WARN_UNUSED_FUNCTION = YES;
				GCC_WARN_UNUSED_VARIABLE = YES;
				IPHONEOS_DEPLOYMENT_TARGET = 8.1;
				MTL_ENABLE_DEBUG_INFO = YES;
				ONLY_ACTIVE_ARCH = YES;
				SDKROOT = iphoneos;
				SWIFT_OPTIMIZATION_LEVEL = "-Onone";
				TARGETED_DEVICE_FAMILY = "1,2";
			};
			name = Debug;
		};
		4DB0D14C1A79E0860038292E /* Release */ = {
			isa = XCBuildConfiguration;
			buildSettings = {
				ALWAYS_SEARCH_USER_PATHS = NO;
				CLANG_CXX_LANGUAGE_STANDARD = "gnu++0x";
				CLANG_CXX_LIBRARY = "libc++";
				CLANG_ENABLE_MODULES = YES;
				CLANG_ENABLE_OBJC_ARC = YES;
				CLANG_WARN_BOOL_CONVERSION = YES;
				CLANG_WARN_CONSTANT_CONVERSION = YES;
				CLANG_WARN_DIRECT_OBJC_ISA_USAGE = YES_ERROR;
				CLANG_WARN_EMPTY_BODY = YES;
				CLANG_WARN_ENUM_CONVERSION = YES;
				CLANG_WARN_INT_CONVERSION = YES;
				CLANG_WARN_OBJC_ROOT_CLASS = YES_ERROR;
				CLANG_WARN_UNREACHABLE_CODE = YES;
				CLANG_WARN__DUPLICATE_METHOD_MATCH = YES;
				"CODE_SIGN_IDENTITY[sdk=iphoneos*]" = "iPhone Developer";
				COPY_PHASE_STRIP = YES;
				ENABLE_NS_ASSERTIONS = NO;
				ENABLE_STRICT_OBJC_MSGSEND = YES;
				GCC_C_LANGUAGE_STANDARD = gnu99;
				GCC_WARN_64_TO_32_BIT_CONVERSION = YES;
				GCC_WARN_ABOUT_RETURN_TYPE = YES_ERROR;
				GCC_WARN_UNDECLARED_SELECTOR = YES;
				GCC_WARN_UNINITIALIZED_AUTOS = YES_AGGRESSIVE;
				GCC_WARN_UNUSED_FUNCTION = YES;
				GCC_WARN_UNUSED_VARIABLE = YES;
				IPHONEOS_DEPLOYMENT_TARGET = 8.1;
				MTL_ENABLE_DEBUG_INFO = NO;
				SDKROOT = iphoneos;
				TARGETED_DEVICE_FAMILY = "1,2";
				VALIDATE_PRODUCT = YES;
			};
			name = Release;
		};
		4DB0D14E1A79E0860038292E /* Debug */ = {
			isa = XCBuildConfiguration;
			buildSettings = {
				ASSETCATALOG_COMPILER_APPICON_NAME = AppIcon;
				INFOPLIST_FILE = Delegation/Info.plist;
				LD_RUNPATH_SEARCH_PATHS = "$(inherited) @executable_path/Frameworks";
				PRODUCT_NAME = "$(TARGET_NAME)";
			};
			name = Debug;
		};
		4DB0D14F1A79E0860038292E /* Release */ = {
			isa = XCBuildConfiguration;
			buildSettings = {
				ASSETCATALOG_COMPILER_APPICON_NAME = AppIcon;
				INFOPLIST_FILE = Delegation/Info.plist;
				LD_RUNPATH_SEARCH_PATHS = "$(inherited) @executable_path/Frameworks";
				PRODUCT_NAME = "$(TARGET_NAME)";
			};
			name = Release;
		};
		4DB0D1511A79E0860038292E /* Debug */ = {
			isa = XCBuildConfiguration;
			buildSettings = {
				BUNDLE_LOADER = "$(TEST_HOST)";
				FRAMEWORK_SEARCH_PATHS = (
					"$(SDKROOT)/Developer/Library/Frameworks",
					"$(inherited)",
				);
				GCC_PREPROCESSOR_DEFINITIONS = (
					"DEBUG=1",
					"$(inherited)",
				);
				INFOPLIST_FILE = DelegationTests/Info.plist;
				LD_RUNPATH_SEARCH_PATHS = "$(inherited) @executable_path/Frameworks @loader_path/Frameworks";
				PRODUCT_NAME = "$(TARGET_NAME)";
				TEST_HOST = "$(BUILT_PRODUCTS_DIR)/Delegation.app/Delegation";
			};
			name = Debug;
		};
		4DB0D1521A79E0860038292E /* Release */ = {
			isa = XCBuildConfiguration;
			buildSettings = {
				BUNDLE_LOADER = "$(TEST_HOST)";
				FRAMEWORK_SEARCH_PATHS = (
					"$(SDKROOT)/Developer/Library/Frameworks",
					"$(inherited)",
				);
				INFOPLIST_FILE = DelegationTests/Info.plist;
				LD_RUNPATH_SEARCH_PATHS = "$(inherited) @executable_path/Frameworks @loader_path/Frameworks";
				PRODUCT_NAME = "$(TARGET_NAME)";
				TEST_HOST = "$(BUILT_PRODUCTS_DIR)/Delegation.app/Delegation";
			};
			name = Release;
		};
/* End XCBuildConfiguration section */

/* Begin XCConfigurationList section */
		4DB0D1291A79E0860038292E /* Build configuration list for PBXProject "Delegation" */ = {
			isa = XCConfigurationList;
			buildConfigurations = (
				4DB0D14B1A79E0860038292E /* Debug */,
				4DB0D14C1A79E0860038292E /* Release */,
			);
			defaultConfigurationIsVisible = 0;
			defaultConfigurationName = Release;
		};
		4DB0D14D1A79E0860038292E /* Build configuration list for PBXNativeTarget "Delegation" */ = {
			isa = XCConfigurationList;
			buildConfigurations = (
				4DB0D14E1A79E0860038292E /* Debug */,
				4DB0D14F1A79E0860038292E /* Release */,
			);
			defaultConfigurationIsVisible = 0;
			defaultConfigurationName = Release;
		};
		4DB0D1501A79E0860038292E /* Build configuration list for PBXNativeTarget "DelegationTests" */ = {
			isa = XCConfigurationList;
			buildConfigurations = (
				4DB0D1511A79E0860038292E /* Debug */,
				4DB0D1521A79E0860038292E /* Release */,
			);
			defaultConfigurationIsVisible = 0;
			defaultConfigurationName = Release;
		};
/* End XCConfigurationList section */
	};
	rootObject = 4DB0D1261A79E0860038292E /* Project object */;
}
